// !$*UTF8*$!
{
	archiveVersion = 1;
	classes = {
	};
	objectVersion = 56;
	objects = {

/* Begin PBXBuildFile section */
		5C149F1A2BD3D4330034ABCC /* ApiService.swift in Sources */ = {isa = PBXBuildFile; fileRef = 5C149F192BD3D4330034ABCC /* ApiService.swift */; };
		5C149F1C2BD3D45E0034ABCC /* LoginViewModel.swift in Sources */ = {isa = PBXBuildFile; fileRef = 5C149F1B2BD3D45E0034ABCC /* LoginViewModel.swift */; };
		5C1C7BD92BC41B77003049A1 /* HiApp.swift in Sources */ = {isa = PBXBuildFile; fileRef = 5C1C7BD82BC41B77003049A1 /* HiApp.swift */; };
		5C1C7BDB2BC41B77003049A1 /* ContentView.swift in Sources */ = {isa = PBXBuildFile; fileRef = 5C1C7BDA2BC41B77003049A1 /* ContentView.swift */; };
		5C1C7BDD2BC41B79003049A1 /* Assets.xcassets in Resources */ = {isa = PBXBuildFile; fileRef = 5C1C7BDC2BC41B79003049A1 /* Assets.xcassets */; };
		5C1C7BE02BC41B79003049A1 /* Preview Assets.xcassets in Resources */ = {isa = PBXBuildFile; fileRef = 5C1C7BDF2BC41B79003049A1 /* Preview Assets.xcassets */; };
		5C1C7BEA2BC41B79003049A1 /* HiTests.swift in Sources */ = {isa = PBXBuildFile; fileRef = 5C1C7BE92BC41B79003049A1 /* HiTests.swift */; };
		5C1C7BF42BC41B79003049A1 /* HiUITests.swift in Sources */ = {isa = PBXBuildFile; fileRef = 5C1C7BF32BC41B79003049A1 /* HiUITests.swift */; };
		5C1C7BF62BC41B79003049A1 /* HiUITestsLaunchTests.swift in Sources */ = {isa = PBXBuildFile; fileRef = 5C1C7BF52BC41B79003049A1 /* HiUITestsLaunchTests.swift */; };
		5C3545C32BC6714E0011E78D /* AccountSettingUserID.swift in Sources */ = {isa = PBXBuildFile; fileRef = 5C3545C22BC6714E0011E78D /* AccountSettingUserID.swift */; };
		5C3545C82BC67B990011E78D /* BackButton.swift in Sources */ = {isa = PBXBuildFile; fileRef = 5C3545C72BC67B990011E78D /* BackButton.swift */; };
		5C382EB32BDD91D600B4C2FC /* PenaltyHistoryView.swift in Sources */ = {isa = PBXBuildFile; fileRef = 5C382EB22BDD91D600B4C2FC /* PenaltyHistoryView.swift */; };
		5C49CB822BD1732000DE1630 /* SettingViewModel.swift in Sources */ = {isa = PBXBuildFile; fileRef = 5C49CB812BD1732000DE1630 /* SettingViewModel.swift */; };
		5C53B5F02BDD3A760026228F /* Colors.swift in Sources */ = {isa = PBXBuildFile; fileRef = 5C53B5EF2BDD3A760026228F /* Colors.swift */; };
		5C818C9D2BC4DE56005A6FC1 /* HomeView.swift in Sources */ = {isa = PBXBuildFile; fileRef = 5C818C9C2BC4DE56005A6FC1 /* HomeView.swift */; };
		5C818CA02BC4E162005A6FC1 /* SettingView.swift in Sources */ = {isa = PBXBuildFile; fileRef = 5C818C9F2BC4E162005A6FC1 /* SettingView.swift */; };
		5C847FB22BD4CC4200BE39B6 /* UserWithRelatedData.swift in Sources */ = {isa = PBXBuildFile; fileRef = 5C847FB12BD4CC4200BE39B6 /* UserWithRelatedData.swift */; };
		5C847FB42BD540E000BE39B6 /* RelationshipDto.swift in Sources */ = {isa = PBXBuildFile; fileRef = 5C847FB32BD540E000BE39B6 /* RelationshipDto.swift */; };
		5C847FB62BD5410700BE39B6 /* UserRegistrationDto.swift in Sources */ = {isa = PBXBuildFile; fileRef = 5C847FB52BD5410700BE39B6 /* UserRegistrationDto.swift */; };
		5C847FB82BD547B900BE39B6 /* LoginModel.swift in Sources */ = {isa = PBXBuildFile; fileRef = 5C847FB72BD547B900BE39B6 /* LoginModel.swift */; };
		5C847FBC2BD55B4E00BE39B6 /* AccountCreateModel.swift in Sources */ = {isa = PBXBuildFile; fileRef = 5C847FBB2BD55B4E00BE39B6 /* AccountCreateModel.swift */; };
		5C847FBE2BD55B7B00BE39B6 /* AccountCreateViewModel.swift in Sources */ = {isa = PBXBuildFile; fileRef = 5C847FBD2BD55B7B00BE39B6 /* AccountCreateViewModel.swift */; };
		5C93BE9C2BC57A1D00C715DF /* NavigationRouter.swift in Sources */ = {isa = PBXBuildFile; fileRef = 5C93BE9B2BC57A1D00C715DF /* NavigationRouter.swift */; };
		5C93BE9E2BC585B300C715DF /* LogoutButton.swift in Sources */ = {isa = PBXBuildFile; fileRef = 5C93BE9D2BC585B300C715DF /* LogoutButton.swift */; };
		5C93BEA52BC623D300C715DF /* Auth0.plist in Resources */ = {isa = PBXBuildFile; fileRef = 5C93BEA42BC623D300C715DF /* Auth0.plist */; };
		5C93BEA82BC6253F00C715DF /* Auth0 in Frameworks */ = {isa = PBXBuildFile; productRef = 5C93BEA72BC6253F00C715DF /* Auth0 */; };
		5C93BEAB2BC625DE00C715DF /* Auth0Service.swift in Sources */ = {isa = PBXBuildFile; fileRef = 5C93BEAA2BC625DE00C715DF /* Auth0Service.swift */; };
		5C93BEB52BC6633700C715DF /* AccountSettingName.swift in Sources */ = {isa = PBXBuildFile; fileRef = 5C93BEB42BC6633700C715DF /* AccountSettingName.swift */; };
		5CB723952BDD6A8100B8A213 /* FriendSearchCard.swift in Sources */ = {isa = PBXBuildFile; fileRef = 5CB723942BDD6A8100B8A213 /* FriendSearchCard.swift */; };
		5CB7239C2BDD73E700B8A213 /* FriendSearchModel.swift in Sources */ = {isa = PBXBuildFile; fileRef = 5CB7239B2BDD73E700B8A213 /* FriendSearchModel.swift */; };
		5CB7239E2BDD73F500B8A213 /* FriendSearchViewModel.swift in Sources */ = {isa = PBXBuildFile; fileRef = 5CB7239D2BDD73F500B8A213 /* FriendSearchViewModel.swift */; };
		5CC148602BDCF5E600DC5F49 /* TabShape.swift in Sources */ = {isa = PBXBuildFile; fileRef = 5CC1485F2BDCF5E600DC5F49 /* TabShape.swift */; };
		5CC148622BDCFC9B00DC5F49 /* TabPosition.swift in Sources */ = {isa = PBXBuildFile; fileRef = 5CC148612BDCFC9B00DC5F49 /* TabPosition.swift */; };
		5CC2BE782BC91B9A00C56A21 /* FriendSearchView.swift in Sources */ = {isa = PBXBuildFile; fileRef = 5CC2BE772BC91B9A00C56A21 /* FriendSearchView.swift */; };
		5CC2BE7A2BC9216400C56A21 /* FriendApprovalView.swift in Sources */ = {isa = PBXBuildFile; fileRef = 5CC2BE792BC9216400C56A21 /* FriendApprovalView.swift */; };
		5CCC35FA2BC4E4F1003B00C5 /* TabBar.swift in Sources */ = {isa = PBXBuildFile; fileRef = 5CCC35F92BC4E4F1003B00C5 /* TabBar.swift */; };
		5CCC35FC2BC4EB7D003B00C5 /* UserCard.swift in Sources */ = {isa = PBXBuildFile; fileRef = 5CCC35FB2BC4EB7D003B00C5 /* UserCard.swift */; };
		5CCC35FF2BC51276003B00C5 /* HomeViewModel.swift in Sources */ = {isa = PBXBuildFile; fileRef = 5CCC35FE2BC51276003B00C5 /* HomeViewModel.swift */; };
		5CCC36032BC55B11003B00C5 /* LoginView.swift in Sources */ = {isa = PBXBuildFile; fileRef = 5CCC36022BC55B11003B00C5 /* LoginView.swift */; };
		5CCC36052BC56492003B00C5 /* BasicRoundButton.swift in Sources */ = {isa = PBXBuildFile; fileRef = 5CCC36042BC56492003B00C5 /* BasicRoundButton.swift */; };
		5CCDE98D2BCE81FC00764750 /* SoundHelper.swift in Sources */ = {isa = PBXBuildFile; fileRef = 5CCDE98C2BCE81FB00764750 /* SoundHelper.swift */; };
		5CD31A332BC7BC2B007B6135 /* AccountSettingDayOfWeek.swift in Sources */ = {isa = PBXBuildFile; fileRef = 5CD31A322BC7BC2B007B6135 /* AccountSettingDayOfWeek.swift */; };
		5CD375312BC822B6004BFF4E /* SettingCard.swift in Sources */ = {isa = PBXBuildFile; fileRef = 5CD375302BC822B6004BFF4E /* SettingCard.swift */; };
		5CD375362BC8318D004BFF4E /* AccountCreateView.swift in Sources */ = {isa = PBXBuildFile; fileRef = 5CD375352BC8318D004BFF4E /* AccountCreateView.swift */; };
		5CD375382BC84B1E004BFF4E /* SettingExclamationMarkCard.swift in Sources */ = {isa = PBXBuildFile; fileRef = 5CD375372BC84B1E004BFF4E /* SettingExclamationMarkCard.swift */; };
		5CE5DE2E2BDAACA60023B864 /* HomeModel.swift in Sources */ = {isa = PBXBuildFile; fileRef = 5CE5DE2D2BDAACA60023B864 /* HomeModel.swift */; };
		5CE5DE302BDB58AE0023B864 /* User.swift in Sources */ = {isa = PBXBuildFile; fileRef = 5CE5DE2F2BDB58AE0023B864 /* User.swift */; };
		5CED66EF2BC987A6007183F1 /* UserDefaultsHelper.swift in Sources */ = {isa = PBXBuildFile; fileRef = 5CED66EE2BC987A6007183F1 /* UserDefaultsHelper.swift */; };
		5CF341A82BD15B5C000B4D2A /* AccountCommonViewModel.swift in Sources */ = {isa = PBXBuildFile; fileRef = 5CF341A72BD15B5C000B4D2A /* AccountCommonViewModel.swift */; };
		5CF46EC32BD927980036B9A9 /* AppDelegate.swift in Sources */ = {isa = PBXBuildFile; fileRef = 5CF46EC22BD927980036B9A9 /* AppDelegate.swift */; };
		5CF546F82BDCDE8000481709 /* TabModel.swift in Sources */ = {isa = PBXBuildFile; fileRef = 5CF546F72BDCDE8000481709 /* TabModel.swift */; };
		5CFB76392BC6FB6700741DC8 /* AccountSettingWakeUpTime.swift in Sources */ = {isa = PBXBuildFile; fileRef = 5CFB76382BC6FB6700741DC8 /* AccountSettingWakeUpTime.swift */; };
		5CFB763C2BC7014300741DC8 /* DateFormat.swift in Sources */ = {isa = PBXBuildFile; fileRef = 5CFB763B2BC7014300741DC8 /* DateFormat.swift */; };
		5CFCEC2D2BC7B69800CE530A /* DayOfWeekButton.swift in Sources */ = {isa = PBXBuildFile; fileRef = 5CFCEC2C2BC7B69800CE530A /* DayOfWeekButton.swift */; };
		B5ED02432BDBCF3800D37955 /* SettingModel.swift in Sources */ = {isa = PBXBuildFile; fileRef = B5ED02422BDBCF3800D37955 /* SettingModel.swift */; };
		B5ED02452BDBD37300D37955 /* UserChangeDto.swift in Sources */ = {isa = PBXBuildFile; fileRef = B5ED02442BDBD37300D37955 /* UserChangeDto.swift */; };
		B5ED02472BDCE93200D37955 /* TimeChangeDto.swift in Sources */ = {isa = PBXBuildFile; fileRef = B5ED02462BDCE93200D37955 /* TimeChangeDto.swift */; };
		B5ED02492BDCE98D00D37955 /* TimeSettingModel.swift in Sources */ = {isa = PBXBuildFile; fileRef = B5ED02482BDCE98D00D37955 /* TimeSettingModel.swift */; };
		B5ED024B2BDCEAB900D37955 /* TimeSettingViewModel.swift in Sources */ = {isa = PBXBuildFile; fileRef = B5ED024A2BDCEAB900D37955 /* TimeSettingViewModel.swift */; };
		B5ED024D2BDD494500D37955 /* SearchButton.swift in Sources */ = {isa = PBXBuildFile; fileRef = B5ED024C2BDD494500D37955 /* SearchButton.swift */; };
/* End PBXBuildFile section */

/* Begin PBXContainerItemProxy section */
		5C1C7BE62BC41B79003049A1 /* PBXContainerItemProxy */ = {
			isa = PBXContainerItemProxy;
			containerPortal = 5C1C7BCD2BC41B77003049A1 /* Project object */;
			proxyType = 1;
			remoteGlobalIDString = 5C1C7BD42BC41B77003049A1;
			remoteInfo = Hi;
		};
		5C1C7BF02BC41B79003049A1 /* PBXContainerItemProxy */ = {
			isa = PBXContainerItemProxy;
			containerPortal = 5C1C7BCD2BC41B77003049A1 /* Project object */;
			proxyType = 1;
			remoteGlobalIDString = 5C1C7BD42BC41B77003049A1;
			remoteInfo = Hi;
		};
/* End PBXContainerItemProxy section */

/* Begin PBXFileReference section */
		5C149F192BD3D4330034ABCC /* ApiService.swift */ = {isa = PBXFileReference; lastKnownFileType = sourcecode.swift; path = ApiService.swift; sourceTree = "<group>"; };
		5C149F1B2BD3D45E0034ABCC /* LoginViewModel.swift */ = {isa = PBXFileReference; lastKnownFileType = sourcecode.swift; path = LoginViewModel.swift; sourceTree = "<group>"; };
		5C1C7BD52BC41B77003049A1 /* Hi.app */ = {isa = PBXFileReference; explicitFileType = wrapper.application; includeInIndex = 0; path = Hi.app; sourceTree = BUILT_PRODUCTS_DIR; };
		5C1C7BD82BC41B77003049A1 /* HiApp.swift */ = {isa = PBXFileReference; lastKnownFileType = sourcecode.swift; path = HiApp.swift; sourceTree = "<group>"; };
		5C1C7BDA2BC41B77003049A1 /* ContentView.swift */ = {isa = PBXFileReference; lastKnownFileType = sourcecode.swift; path = ContentView.swift; sourceTree = "<group>"; };
		5C1C7BDC2BC41B79003049A1 /* Assets.xcassets */ = {isa = PBXFileReference; lastKnownFileType = folder.assetcatalog; path = Assets.xcassets; sourceTree = "<group>"; };
		5C1C7BDF2BC41B79003049A1 /* Preview Assets.xcassets */ = {isa = PBXFileReference; lastKnownFileType = folder.assetcatalog; path = "Preview Assets.xcassets"; sourceTree = "<group>"; };
		5C1C7BE52BC41B79003049A1 /* HiTests.xctest */ = {isa = PBXFileReference; explicitFileType = wrapper.cfbundle; includeInIndex = 0; path = HiTests.xctest; sourceTree = BUILT_PRODUCTS_DIR; };
		5C1C7BE92BC41B79003049A1 /* HiTests.swift */ = {isa = PBXFileReference; lastKnownFileType = sourcecode.swift; path = HiTests.swift; sourceTree = "<group>"; };
		5C1C7BEF2BC41B79003049A1 /* HiUITests.xctest */ = {isa = PBXFileReference; explicitFileType = wrapper.cfbundle; includeInIndex = 0; path = HiUITests.xctest; sourceTree = BUILT_PRODUCTS_DIR; };
		5C1C7BF32BC41B79003049A1 /* HiUITests.swift */ = {isa = PBXFileReference; lastKnownFileType = sourcecode.swift; path = HiUITests.swift; sourceTree = "<group>"; };
		5C1C7BF52BC41B79003049A1 /* HiUITestsLaunchTests.swift */ = {isa = PBXFileReference; lastKnownFileType = sourcecode.swift; path = HiUITestsLaunchTests.swift; sourceTree = "<group>"; };
		5C3545C22BC6714E0011E78D /* AccountSettingUserID.swift */ = {isa = PBXFileReference; lastKnownFileType = sourcecode.swift; path = AccountSettingUserID.swift; sourceTree = "<group>"; };
		5C3545C72BC67B990011E78D /* BackButton.swift */ = {isa = PBXFileReference; lastKnownFileType = sourcecode.swift; path = BackButton.swift; sourceTree = "<group>"; };
		5C382EB22BDD91D600B4C2FC /* PenaltyHistoryView.swift */ = {isa = PBXFileReference; lastKnownFileType = sourcecode.swift; path = PenaltyHistoryView.swift; sourceTree = "<group>"; };
		5C49CB812BD1732000DE1630 /* SettingViewModel.swift */ = {isa = PBXFileReference; lastKnownFileType = sourcecode.swift; path = SettingViewModel.swift; sourceTree = "<group>"; };
		5C53B5EF2BDD3A760026228F /* Colors.swift */ = {isa = PBXFileReference; lastKnownFileType = sourcecode.swift; path = Colors.swift; sourceTree = "<group>"; };
		5C818C9C2BC4DE56005A6FC1 /* HomeView.swift */ = {isa = PBXFileReference; lastKnownFileType = sourcecode.swift; path = HomeView.swift; sourceTree = "<group>"; };
		5C818C9F2BC4E162005A6FC1 /* SettingView.swift */ = {isa = PBXFileReference; lastKnownFileType = sourcecode.swift; path = SettingView.swift; sourceTree = "<group>"; };
		5C847FB12BD4CC4200BE39B6 /* UserWithRelatedData.swift */ = {isa = PBXFileReference; lastKnownFileType = sourcecode.swift; path = UserWithRelatedData.swift; sourceTree = "<group>"; };
		5C847FB32BD540E000BE39B6 /* RelationshipDto.swift */ = {isa = PBXFileReference; lastKnownFileType = sourcecode.swift; path = RelationshipDto.swift; sourceTree = "<group>"; };
		5C847FB52BD5410700BE39B6 /* UserRegistrationDto.swift */ = {isa = PBXFileReference; lastKnownFileType = sourcecode.swift; path = UserRegistrationDto.swift; sourceTree = "<group>"; };
		5C847FB72BD547B900BE39B6 /* LoginModel.swift */ = {isa = PBXFileReference; lastKnownFileType = sourcecode.swift; path = LoginModel.swift; sourceTree = "<group>"; };
		5C847FBB2BD55B4E00BE39B6 /* AccountCreateModel.swift */ = {isa = PBXFileReference; lastKnownFileType = sourcecode.swift; path = AccountCreateModel.swift; sourceTree = "<group>"; };
		5C847FBD2BD55B7B00BE39B6 /* AccountCreateViewModel.swift */ = {isa = PBXFileReference; lastKnownFileType = sourcecode.swift; path = AccountCreateViewModel.swift; sourceTree = "<group>"; };
		5C93BE9B2BC57A1D00C715DF /* NavigationRouter.swift */ = {isa = PBXFileReference; lastKnownFileType = sourcecode.swift; path = NavigationRouter.swift; sourceTree = "<group>"; };
		5C93BE9D2BC585B300C715DF /* LogoutButton.swift */ = {isa = PBXFileReference; lastKnownFileType = sourcecode.swift; path = LogoutButton.swift; sourceTree = "<group>"; };
		5C93BEA42BC623D300C715DF /* Auth0.plist */ = {isa = PBXFileReference; lastKnownFileType = text.plist.xml; path = Auth0.plist; sourceTree = "<group>"; };
		5C93BEAA2BC625DE00C715DF /* Auth0Service.swift */ = {isa = PBXFileReference; lastKnownFileType = sourcecode.swift; path = Auth0Service.swift; sourceTree = "<group>"; };
		5C93BEB42BC6633700C715DF /* AccountSettingName.swift */ = {isa = PBXFileReference; lastKnownFileType = sourcecode.swift; path = AccountSettingName.swift; sourceTree = "<group>"; };
		5CB723942BDD6A8100B8A213 /* FriendSearchCard.swift */ = {isa = PBXFileReference; lastKnownFileType = sourcecode.swift; path = FriendSearchCard.swift; sourceTree = "<group>"; };
		5CB7239B2BDD73E700B8A213 /* FriendSearchModel.swift */ = {isa = PBXFileReference; lastKnownFileType = sourcecode.swift; path = FriendSearchModel.swift; sourceTree = "<group>"; };
		5CB7239D2BDD73F500B8A213 /* FriendSearchViewModel.swift */ = {isa = PBXFileReference; lastKnownFileType = sourcecode.swift; path = FriendSearchViewModel.swift; sourceTree = "<group>"; };
		5CC1485F2BDCF5E600DC5F49 /* TabShape.swift */ = {isa = PBXFileReference; lastKnownFileType = sourcecode.swift; path = TabShape.swift; sourceTree = "<group>"; };
		5CC148612BDCFC9B00DC5F49 /* TabPosition.swift */ = {isa = PBXFileReference; lastKnownFileType = sourcecode.swift; path = TabPosition.swift; sourceTree = "<group>"; };
		5CC2BE772BC91B9A00C56A21 /* FriendSearchView.swift */ = {isa = PBXFileReference; lastKnownFileType = sourcecode.swift; path = FriendSearchView.swift; sourceTree = "<group>"; };
		5CC2BE792BC9216400C56A21 /* FriendApprovalView.swift */ = {isa = PBXFileReference; lastKnownFileType = sourcecode.swift; path = FriendApprovalView.swift; sourceTree = "<group>"; };
		5CCC35F92BC4E4F1003B00C5 /* TabBar.swift */ = {isa = PBXFileReference; lastKnownFileType = sourcecode.swift; path = TabBar.swift; sourceTree = "<group>"; };
		5CCC35FB2BC4EB7D003B00C5 /* UserCard.swift */ = {isa = PBXFileReference; lastKnownFileType = sourcecode.swift; path = UserCard.swift; sourceTree = "<group>"; };
		5CCC35FE2BC51276003B00C5 /* HomeViewModel.swift */ = {isa = PBXFileReference; lastKnownFileType = sourcecode.swift; path = HomeViewModel.swift; sourceTree = "<group>"; };
		5CCC36022BC55B11003B00C5 /* LoginView.swift */ = {isa = PBXFileReference; lastKnownFileType = sourcecode.swift; path = LoginView.swift; sourceTree = "<group>"; };
		5CCC36042BC56492003B00C5 /* BasicRoundButton.swift */ = {isa = PBXFileReference; lastKnownFileType = sourcecode.swift; path = BasicRoundButton.swift; sourceTree = "<group>"; };
		5CCDE98C2BCE81FB00764750 /* SoundHelper.swift */ = {isa = PBXFileReference; lastKnownFileType = sourcecode.swift; path = SoundHelper.swift; sourceTree = "<group>"; };
		5CD31A322BC7BC2B007B6135 /* AccountSettingDayOfWeek.swift */ = {isa = PBXFileReference; lastKnownFileType = sourcecode.swift; path = AccountSettingDayOfWeek.swift; sourceTree = "<group>"; };
		5CD375302BC822B6004BFF4E /* SettingCard.swift */ = {isa = PBXFileReference; lastKnownFileType = sourcecode.swift; path = SettingCard.swift; sourceTree = "<group>"; };
		5CD375352BC8318D004BFF4E /* AccountCreateView.swift */ = {isa = PBXFileReference; lastKnownFileType = sourcecode.swift; path = AccountCreateView.swift; sourceTree = "<group>"; };
		5CD375372BC84B1E004BFF4E /* SettingExclamationMarkCard.swift */ = {isa = PBXFileReference; lastKnownFileType = sourcecode.swift; path = SettingExclamationMarkCard.swift; sourceTree = "<group>"; };
		5CE5DE2D2BDAACA60023B864 /* HomeModel.swift */ = {isa = PBXFileReference; lastKnownFileType = sourcecode.swift; path = HomeModel.swift; sourceTree = "<group>"; };
		5CE5DE2F2BDB58AE0023B864 /* User.swift */ = {isa = PBXFileReference; lastKnownFileType = sourcecode.swift; path = User.swift; sourceTree = "<group>"; };
		5CED66EE2BC987A6007183F1 /* UserDefaultsHelper.swift */ = {isa = PBXFileReference; lastKnownFileType = sourcecode.swift; path = UserDefaultsHelper.swift; sourceTree = "<group>"; };
		5CF341A72BD15B5C000B4D2A /* AccountCommonViewModel.swift */ = {isa = PBXFileReference; lastKnownFileType = sourcecode.swift; path = AccountCommonViewModel.swift; sourceTree = "<group>"; };
		5CF46EC22BD927980036B9A9 /* AppDelegate.swift */ = {isa = PBXFileReference; lastKnownFileType = sourcecode.swift; path = AppDelegate.swift; sourceTree = "<group>"; };
		5CF46EC42BD928910036B9A9 /* Hi.entitlements */ = {isa = PBXFileReference; lastKnownFileType = text.plist.entitlements; path = Hi.entitlements; sourceTree = "<group>"; };
		5CF546F72BDCDE8000481709 /* TabModel.swift */ = {isa = PBXFileReference; lastKnownFileType = sourcecode.swift; path = TabModel.swift; sourceTree = "<group>"; };
		5CFB76382BC6FB6700741DC8 /* AccountSettingWakeUpTime.swift */ = {isa = PBXFileReference; lastKnownFileType = sourcecode.swift; path = AccountSettingWakeUpTime.swift; sourceTree = "<group>"; };
		5CFB763B2BC7014300741DC8 /* DateFormat.swift */ = {isa = PBXFileReference; lastKnownFileType = sourcecode.swift; path = DateFormat.swift; sourceTree = "<group>"; };
		5CFCEC2C2BC7B69800CE530A /* DayOfWeekButton.swift */ = {isa = PBXFileReference; lastKnownFileType = sourcecode.swift; path = DayOfWeekButton.swift; sourceTree = "<group>"; };
		B5ED02422BDBCF3800D37955 /* SettingModel.swift */ = {isa = PBXFileReference; lastKnownFileType = sourcecode.swift; path = SettingModel.swift; sourceTree = "<group>"; };
		B5ED02442BDBD37300D37955 /* UserChangeDto.swift */ = {isa = PBXFileReference; lastKnownFileType = sourcecode.swift; path = UserChangeDto.swift; sourceTree = "<group>"; };
		B5ED02462BDCE93200D37955 /* TimeChangeDto.swift */ = {isa = PBXFileReference; lastKnownFileType = sourcecode.swift; path = TimeChangeDto.swift; sourceTree = "<group>"; };
		B5ED02482BDCE98D00D37955 /* TimeSettingModel.swift */ = {isa = PBXFileReference; lastKnownFileType = sourcecode.swift; path = TimeSettingModel.swift; sourceTree = "<group>"; };
		B5ED024A2BDCEAB900D37955 /* TimeSettingViewModel.swift */ = {isa = PBXFileReference; lastKnownFileType = sourcecode.swift; path = TimeSettingViewModel.swift; sourceTree = "<group>"; };
		B5ED024C2BDD494500D37955 /* SearchButton.swift */ = {isa = PBXFileReference; lastKnownFileType = sourcecode.swift; path = SearchButton.swift; sourceTree = "<group>"; };
/* End PBXFileReference section */

/* Begin PBXFrameworksBuildPhase section */
		5C1C7BD22BC41B77003049A1 /* Frameworks */ = {
			isa = PBXFrameworksBuildPhase;
			buildActionMask = 2147483647;
			files = (
				5C93BEA82BC6253F00C715DF /* Auth0 in Frameworks */,
			);
			runOnlyForDeploymentPostprocessing = 0;
		};
		5C1C7BE22BC41B79003049A1 /* Frameworks */ = {
			isa = PBXFrameworksBuildPhase;
			buildActionMask = 2147483647;
			files = (
			);
			runOnlyForDeploymentPostprocessing = 0;
		};
		5C1C7BEC2BC41B79003049A1 /* Frameworks */ = {
			isa = PBXFrameworksBuildPhase;
			buildActionMask = 2147483647;
			files = (
			);
			runOnlyForDeploymentPostprocessing = 0;
		};
/* End PBXFrameworksBuildPhase section */

/* Begin PBXGroup section */
		5C1C7BCC2BC41B77003049A1 = {
			isa = PBXGroup;
			children = (
				5C1C7BD72BC41B77003049A1 /* Hi */,
				5C1C7BE82BC41B79003049A1 /* HiTests */,
				5C1C7BF22BC41B79003049A1 /* HiUITests */,
				5C1C7BD62BC41B77003049A1 /* Products */,
			);
			sourceTree = "<group>";
		};
		5C1C7BD62BC41B77003049A1 /* Products */ = {
			isa = PBXGroup;
			children = (
				5C1C7BD52BC41B77003049A1 /* Hi.app */,
				5C1C7BE52BC41B79003049A1 /* HiTests.xctest */,
				5C1C7BEF2BC41B79003049A1 /* HiUITests.xctest */,
			);
			name = Products;
			sourceTree = "<group>";
		};
		5C1C7BD72BC41B77003049A1 /* Hi */ = {
			isa = PBXGroup;
			children = (
				5CF46EC42BD928910036B9A9 /* Hi.entitlements */,
				5C53B5EE2BDD3A540026228F /* Constant */,
				5C93BEA92BC625B400C715DF /* Infrastructure */,
				5C93BE982BC579BD00C715DF /* Router */,
				5C93BEAE2BC627E300C715DF /* Model */,
				5C818CA12BC4E398005A6FC1 /* Component */,
				5CFB763A2BC7011E00741DC8 /* UICore */,
				5C818C9A2BC4DDAF005A6FC1 /* View */,
				5C1C7BD82BC41B77003049A1 /* HiApp.swift */,
				5C1C7BDE2BC41B79003049A1 /* Preview Content */,
				5C1C7BDC2BC41B79003049A1 /* Assets.xcassets */,
				5C93BEA42BC623D300C715DF /* Auth0.plist */,
			);
			path = Hi;
			sourceTree = "<group>";
		};
		5C1C7BDE2BC41B79003049A1 /* Preview Content */ = {
			isa = PBXGroup;
			children = (
				5C1C7BDF2BC41B79003049A1 /* Preview Assets.xcassets */,
			);
			path = "Preview Content";
			sourceTree = "<group>";
		};
		5C1C7BE82BC41B79003049A1 /* HiTests */ = {
			isa = PBXGroup;
			children = (
				5C1C7BE92BC41B79003049A1 /* HiTests.swift */,
			);
			path = HiTests;
			sourceTree = "<group>";
		};
		5C1C7BF22BC41B79003049A1 /* HiUITests */ = {
			isa = PBXGroup;
			children = (
				5C1C7BF32BC41B79003049A1 /* HiUITests.swift */,
				5C1C7BF52BC41B79003049A1 /* HiUITestsLaunchTests.swift */,
			);
			path = HiUITests;
			sourceTree = "<group>";
		};
		5C382EB12BDD918300B4C2FC /* Other */ = {
			isa = PBXGroup;
			children = (
				5C382EB22BDD91D600B4C2FC /* PenaltyHistoryView.swift */,
			);
			path = Other;
			sourceTree = "<group>";
		};
		5C53B5EE2BDD3A540026228F /* Constant */ = {
			isa = PBXGroup;
			children = (
				5C53B5EF2BDD3A760026228F /* Colors.swift */,
			);
			path = Constant;
			sourceTree = "<group>";
		};
		5C818C9A2BC4DDAF005A6FC1 /* View */ = {
			isa = PBXGroup;
			children = (
				5CF546F92BDCE04200481709 /* Tab */,
				5CCC36012BC55B00003B00C5 /* Login */,
				5C818C9B2BC4DE44005A6FC1 /* Home */,
				5CFBFF582BD01D0100C16EF6 /* Account */,
				5C1C7BDA2BC41B77003049A1 /* ContentView.swift */,
			);
			path = View;
			sourceTree = "<group>";
		};
		5C818C9B2BC4DE44005A6FC1 /* Home */ = {
			isa = PBXGroup;
			children = (
				5C818C9C2BC4DE56005A6FC1 /* HomeView.swift */,
				5CCC35FE2BC51276003B00C5 /* HomeViewModel.swift */,
				5CE5DE2D2BDAACA60023B864 /* HomeModel.swift */,
			);
			path = Home;
			sourceTree = "<group>";
		};
		5C818C9E2BC4E152005A6FC1 /* Setting */ = {
			isa = PBXGroup;
			children = (
				5C818C9F2BC4E162005A6FC1 /* SettingView.swift */,
				5C49CB812BD1732000DE1630 /* SettingViewModel.swift */,
				B5ED024A2BDCEAB900D37955 /* TimeSettingViewModel.swift */,
				B5ED02422BDBCF3800D37955 /* SettingModel.swift */,
				B5ED02482BDCE98D00D37955 /* TimeSettingModel.swift */,
			);
			path = Setting;
			sourceTree = "<group>";
		};
		5C818CA12BC4E398005A6FC1 /* Component */ = {
			isa = PBXGroup;
			children = (
				5CD375322BC822FD004BFF4E /* Card */,
				5CCC35FD2BC5088C003B00C5 /* Button */,
			);
			path = Component;
			sourceTree = "<group>";
		};
		5C93BE982BC579BD00C715DF /* Router */ = {
			isa = PBXGroup;
			children = (
				5C93BE9B2BC57A1D00C715DF /* NavigationRouter.swift */,
			);
			path = Router;
			sourceTree = "<group>";
		};
		5C93BEA92BC625B400C715DF /* Infrastructure */ = {
			isa = PBXGroup;
			children = (
				5C93BEAA2BC625DE00C715DF /* Auth0Service.swift */,
				5C149F192BD3D4330034ABCC /* ApiService.swift */,
				5CED66EE2BC987A6007183F1 /* UserDefaultsHelper.swift */,
				5CCDE98C2BCE81FB00764750 /* SoundHelper.swift */,
				5CF46EC22BD927980036B9A9 /* AppDelegate.swift */,
			);
			path = Infrastructure;
			sourceTree = "<group>";
		};
		5C93BEAE2BC627E300C715DF /* Model */ = {
			isa = PBXGroup;
			children = (
				5CE5DE2F2BDB58AE0023B864 /* User.swift */,
				5C847FB12BD4CC4200BE39B6 /* UserWithRelatedData.swift */,
				5C847FB52BD5410700BE39B6 /* UserRegistrationDto.swift */,
				5C847FB32BD540E000BE39B6 /* RelationshipDto.swift */,
				B5ED02442BDBD37300D37955 /* UserChangeDto.swift */,
				5CF546F72BDCDE8000481709 /* TabModel.swift */,
				B5ED02462BDCE93200D37955 /* TimeChangeDto.swift */,
			);
			path = Model;
			sourceTree = "<group>";
		};
		5C93BEB32BC6632100C715DF /* AccountCreate */ = {
			isa = PBXGroup;
			children = (
				5CD375352BC8318D004BFF4E /* AccountCreateView.swift */,
				5C847FBD2BD55B7B00BE39B6 /* AccountCreateViewModel.swift */,
				5C847FBB2BD55B4E00BE39B6 /* AccountCreateModel.swift */,
			);
			path = AccountCreate;
			sourceTree = "<group>";
		};
		5CB723982BDD73AA00B8A213 /* FriendSearch */ = {
			isa = PBXGroup;
			children = (
				5CC2BE772BC91B9A00C56A21 /* FriendSearchView.swift */,
				5CB7239D2BDD73F500B8A213 /* FriendSearchViewModel.swift */,
				5CB7239B2BDD73E700B8A213 /* FriendSearchModel.swift */,
			);
			path = FriendSearch;
			sourceTree = "<group>";
		};
		5CC2BE722BC9062800C56A21 /* Friend */ = {
			isa = PBXGroup;
			children = (
				5CB723982BDD73AA00B8A213 /* FriendSearch */,
				5CC2BE792BC9216400C56A21 /* FriendApprovalView.swift */,
			);
			path = Friend;
			sourceTree = "<group>";
		};
		5CCC35FD2BC5088C003B00C5 /* Button */ = {
			isa = PBXGroup;
			children = (
				5C3545C72BC67B990011E78D /* BackButton.swift */,
				5CCC36042BC56492003B00C5 /* BasicRoundButton.swift */,
				5CFCEC2C2BC7B69800CE530A /* DayOfWeekButton.swift */,
				5C93BE9D2BC585B300C715DF /* LogoutButton.swift */,
				B5ED024C2BDD494500D37955 /* SearchButton.swift */,
			);
			path = Button;
			sourceTree = "<group>";
		};
		5CCC36012BC55B00003B00C5 /* Login */ = {
			isa = PBXGroup;
			children = (
				5CCC36022BC55B11003B00C5 /* LoginView.swift */,
				5C149F1B2BD3D45E0034ABCC /* LoginViewModel.swift */,
				5C847FB72BD547B900BE39B6 /* LoginModel.swift */,
			);
			path = Login;
			sourceTree = "<group>";
		};
		5CD375322BC822FD004BFF4E /* Card */ = {
			isa = PBXGroup;
			children = (
				5CCC35FB2BC4EB7D003B00C5 /* UserCard.swift */,
				5CD375302BC822B6004BFF4E /* SettingCard.swift */,
				5CD375372BC84B1E004BFF4E /* SettingExclamationMarkCard.swift */,
				5CB723942BDD6A8100B8A213 /* FriendSearchCard.swift */,
			);
			path = Card;
			sourceTree = "<group>";
		};
		5CF546F92BDCE04200481709 /* Tab */ = {
			isa = PBXGroup;
			children = (
				5CCC35F92BC4E4F1003B00C5 /* TabBar.swift */,
				5CC1485F2BDCF5E600DC5F49 /* TabShape.swift */,
				5CC148612BDCFC9B00DC5F49 /* TabPosition.swift */,
			);
			path = Tab;
			sourceTree = "<group>";
		};
		5CFB763A2BC7011E00741DC8 /* UICore */ = {
			isa = PBXGroup;
			children = (
				5CFB763B2BC7014300741DC8 /* DateFormat.swift */,
			);
			path = UICore;
			sourceTree = "<group>";
		};
		5CFBFF582BD01D0100C16EF6 /* Account */ = {
			isa = PBXGroup;
			children = (
				5CFBFF592BD01D0C00C16EF6 /* AccountCommon */,
				5C93BEB32BC6632100C715DF /* AccountCreate */,
				5C818C9E2BC4E152005A6FC1 /* Setting */,
				5CC2BE722BC9062800C56A21 /* Friend */,
				5C382EB12BDD918300B4C2FC /* Other */,
			);
			path = Account;
			sourceTree = "<group>";
		};
		5CFBFF592BD01D0C00C16EF6 /* AccountCommon */ = {
			isa = PBXGroup;
			children = (
				5C93BEB42BC6633700C715DF /* AccountSettingName.swift */,
				5C3545C22BC6714E0011E78D /* AccountSettingUserID.swift */,
				5CFB76382BC6FB6700741DC8 /* AccountSettingWakeUpTime.swift */,
				5CD31A322BC7BC2B007B6135 /* AccountSettingDayOfWeek.swift */,
				5CF341A72BD15B5C000B4D2A /* AccountCommonViewModel.swift */,
			);
			path = AccountCommon;
			sourceTree = "<group>";
		};
/* End PBXGroup section */

/* Begin PBXNativeTarget section */
		5C1C7BD42BC41B77003049A1 /* Hi */ = {
			isa = PBXNativeTarget;
			buildConfigurationList = 5C1C7BF92BC41B79003049A1 /* Build configuration list for PBXNativeTarget "Hi" */;
			buildPhases = (
				5C1C7BD12BC41B77003049A1 /* Sources */,
				5C1C7BD22BC41B77003049A1 /* Frameworks */,
				5C1C7BD32BC41B77003049A1 /* Resources */,
			);
			buildRules = (
			);
			dependencies = (
			);
			name = Hi;
			packageProductDependencies = (
				5C93BEA72BC6253F00C715DF /* Auth0 */,
			);
			productName = Hi;
			productReference = 5C1C7BD52BC41B77003049A1 /* Hi.app */;
			productType = "com.apple.product-type.application";
		};
		5C1C7BE42BC41B79003049A1 /* HiTests */ = {
			isa = PBXNativeTarget;
			buildConfigurationList = 5C1C7BFC2BC41B79003049A1 /* Build configuration list for PBXNativeTarget "HiTests" */;
			buildPhases = (
				5C1C7BE12BC41B79003049A1 /* Sources */,
				5C1C7BE22BC41B79003049A1 /* Frameworks */,
				5C1C7BE32BC41B79003049A1 /* Resources */,
			);
			buildRules = (
			);
			dependencies = (
				5C1C7BE72BC41B79003049A1 /* PBXTargetDependency */,
			);
			name = HiTests;
			productName = HiTests;
			productReference = 5C1C7BE52BC41B79003049A1 /* HiTests.xctest */;
			productType = "com.apple.product-type.bundle.unit-test";
		};
		5C1C7BEE2BC41B79003049A1 /* HiUITests */ = {
			isa = PBXNativeTarget;
			buildConfigurationList = 5C1C7BFF2BC41B79003049A1 /* Build configuration list for PBXNativeTarget "HiUITests" */;
			buildPhases = (
				5C1C7BEB2BC41B79003049A1 /* Sources */,
				5C1C7BEC2BC41B79003049A1 /* Frameworks */,
				5C1C7BED2BC41B79003049A1 /* Resources */,
			);
			buildRules = (
			);
			dependencies = (
				5C1C7BF12BC41B79003049A1 /* PBXTargetDependency */,
			);
			name = HiUITests;
			productName = HiUITests;
			productReference = 5C1C7BEF2BC41B79003049A1 /* HiUITests.xctest */;
			productType = "com.apple.product-type.bundle.ui-testing";
		};
/* End PBXNativeTarget section */

/* Begin PBXProject section */
		5C1C7BCD2BC41B77003049A1 /* Project object */ = {
			isa = PBXProject;
			attributes = {
				BuildIndependentTargetsInParallel = 1;
				LastSwiftUpdateCheck = 1530;
				LastUpgradeCheck = 1530;
				TargetAttributes = {
					5C1C7BD42BC41B77003049A1 = {
						CreatedOnToolsVersion = 15.3;
					};
					5C1C7BE42BC41B79003049A1 = {
						CreatedOnToolsVersion = 15.3;
						TestTargetID = 5C1C7BD42BC41B77003049A1;
					};
					5C1C7BEE2BC41B79003049A1 = {
						CreatedOnToolsVersion = 15.3;
						TestTargetID = 5C1C7BD42BC41B77003049A1;
					};
				};
			};
			buildConfigurationList = 5C1C7BD02BC41B77003049A1 /* Build configuration list for PBXProject "Hi" */;
			compatibilityVersion = "Xcode 14.0";
			developmentRegion = en;
			hasScannedForEncodings = 0;
			knownRegions = (
				en,
				Base,
			);
			mainGroup = 5C1C7BCC2BC41B77003049A1;
			packageReferences = (
				5C93BEA62BC6253F00C715DF /* XCRemoteSwiftPackageReference "Auth0.swift" */,
			);
			productRefGroup = 5C1C7BD62BC41B77003049A1 /* Products */;
			projectDirPath = "";
			projectRoot = "";
			targets = (
				5C1C7BD42BC41B77003049A1 /* Hi */,
				5C1C7BE42BC41B79003049A1 /* HiTests */,
				5C1C7BEE2BC41B79003049A1 /* HiUITests */,
			);
		};
/* End PBXProject section */

/* Begin PBXResourcesBuildPhase section */
		5C1C7BD32BC41B77003049A1 /* Resources */ = {
			isa = PBXResourcesBuildPhase;
			buildActionMask = 2147483647;
			files = (
				5C1C7BE02BC41B79003049A1 /* Preview Assets.xcassets in Resources */,
				5C93BEA52BC623D300C715DF /* Auth0.plist in Resources */,
				5C1C7BDD2BC41B79003049A1 /* Assets.xcassets in Resources */,
			);
			runOnlyForDeploymentPostprocessing = 0;
		};
		5C1C7BE32BC41B79003049A1 /* Resources */ = {
			isa = PBXResourcesBuildPhase;
			buildActionMask = 2147483647;
			files = (
			);
			runOnlyForDeploymentPostprocessing = 0;
		};
		5C1C7BED2BC41B79003049A1 /* Resources */ = {
			isa = PBXResourcesBuildPhase;
			buildActionMask = 2147483647;
			files = (
			);
			runOnlyForDeploymentPostprocessing = 0;
		};
/* End PBXResourcesBuildPhase section */

/* Begin PBXSourcesBuildPhase section */
		5C1C7BD12BC41B77003049A1 /* Sources */ = {
			isa = PBXSourcesBuildPhase;
			buildActionMask = 2147483647;
			files = (
				5CED66EF2BC987A6007183F1 /* UserDefaultsHelper.swift in Sources */,
				5C847FBC2BD55B4E00BE39B6 /* AccountCreateModel.swift in Sources */,
				B5ED024B2BDCEAB900D37955 /* TimeSettingViewModel.swift in Sources */,
				5CF46EC32BD927980036B9A9 /* AppDelegate.swift in Sources */,
				5CD375382BC84B1E004BFF4E /* SettingExclamationMarkCard.swift in Sources */,
				5CCC35FA2BC4E4F1003B00C5 /* TabBar.swift in Sources */,
				5CCC36052BC56492003B00C5 /* BasicRoundButton.swift in Sources */,
				B5ED024D2BDD494500D37955 /* SearchButton.swift in Sources */,
				5C818C9D2BC4DE56005A6FC1 /* HomeView.swift in Sources */,
				5CCC35FF2BC51276003B00C5 /* HomeViewModel.swift in Sources */,
				5CD31A332BC7BC2B007B6135 /* AccountSettingDayOfWeek.swift in Sources */,
				5CFB76392BC6FB6700741DC8 /* AccountSettingWakeUpTime.swift in Sources */,
				B5ED02472BDCE93200D37955 /* TimeChangeDto.swift in Sources */,
				5CD375312BC822B6004BFF4E /* SettingCard.swift in Sources */,
				5C818CA02BC4E162005A6FC1 /* SettingView.swift in Sources */,
				5C847FB62BD5410700BE39B6 /* UserRegistrationDto.swift in Sources */,
				5C847FB42BD540E000BE39B6 /* RelationshipDto.swift in Sources */,
				5C1C7BDB2BC41B77003049A1 /* ContentView.swift in Sources */,
				5C49CB822BD1732000DE1630 /* SettingViewModel.swift in Sources */,
				5C847FB82BD547B900BE39B6 /* LoginModel.swift in Sources */,
				5C847FBE2BD55B7B00BE39B6 /* AccountCreateViewModel.swift in Sources */,
				5CD375362BC8318D004BFF4E /* AccountCreateView.swift in Sources */,
				5CF341A82BD15B5C000B4D2A /* AccountCommonViewModel.swift in Sources */,
				B5ED02432BDBCF3800D37955 /* SettingModel.swift in Sources */,
				5CCC35FC2BC4EB7D003B00C5 /* UserCard.swift in Sources */,
				5CCC36032BC55B11003B00C5 /* LoginView.swift in Sources */,
				5C53B5F02BDD3A760026228F /* Colors.swift in Sources */,
				5C382EB32BDD91D600B4C2FC /* PenaltyHistoryView.swift in Sources */,
				5CC148602BDCF5E600DC5F49 /* TabShape.swift in Sources */,
				5CC148622BDCFC9B00DC5F49 /* TabPosition.swift in Sources */,
				B5ED02492BDCE98D00D37955 /* TimeSettingModel.swift in Sources */,
				5CC2BE7A2BC9216400C56A21 /* FriendApprovalView.swift in Sources */,
				5CCDE98D2BCE81FC00764750 /* SoundHelper.swift in Sources */,
				5C149F1C2BD3D45E0034ABCC /* LoginViewModel.swift in Sources */,
				5C93BEB52BC6633700C715DF /* AccountSettingName.swift in Sources */,
				5C847FB22BD4CC4200BE39B6 /* UserWithRelatedData.swift in Sources */,
				5CE5DE302BDB58AE0023B864 /* User.swift in Sources */,
				5C93BEAB2BC625DE00C715DF /* Auth0Service.swift in Sources */,
				5C3545C32BC6714E0011E78D /* AccountSettingUserID.swift in Sources */,
				5CB7239C2BDD73E700B8A213 /* FriendSearchModel.swift in Sources */,
				B5ED02452BDBD37300D37955 /* UserChangeDto.swift in Sources */,
				5CB7239E2BDD73F500B8A213 /* FriendSearchViewModel.swift in Sources */,
				5C3545C82BC67B990011E78D /* BackButton.swift in Sources */,
				5CF546F82BDCDE8000481709 /* TabModel.swift in Sources */,
				5CFCEC2D2BC7B69800CE530A /* DayOfWeekButton.swift in Sources */,
				5CB723952BDD6A8100B8A213 /* FriendSearchCard.swift in Sources */,
				5C93BE9E2BC585B300C715DF /* LogoutButton.swift in Sources */,
				5C149F1A2BD3D4330034ABCC /* ApiService.swift in Sources */,
				5C93BE9C2BC57A1D00C715DF /* NavigationRouter.swift in Sources */,
				5CE5DE2E2BDAACA60023B864 /* HomeModel.swift in Sources */,
				5CFB763C2BC7014300741DC8 /* DateFormat.swift in Sources */,
				5CC2BE782BC91B9A00C56A21 /* FriendSearchView.swift in Sources */,
				5C1C7BD92BC41B77003049A1 /* HiApp.swift in Sources */,
			);
			runOnlyForDeploymentPostprocessing = 0;
		};
		5C1C7BE12BC41B79003049A1 /* Sources */ = {
			isa = PBXSourcesBuildPhase;
			buildActionMask = 2147483647;
			files = (
				5C1C7BEA2BC41B79003049A1 /* HiTests.swift in Sources */,
			);
			runOnlyForDeploymentPostprocessing = 0;
		};
		5C1C7BEB2BC41B79003049A1 /* Sources */ = {
			isa = PBXSourcesBuildPhase;
			buildActionMask = 2147483647;
			files = (
				5C1C7BF42BC41B79003049A1 /* HiUITests.swift in Sources */,
				5C1C7BF62BC41B79003049A1 /* HiUITestsLaunchTests.swift in Sources */,
			);
			runOnlyForDeploymentPostprocessing = 0;
		};
/* End PBXSourcesBuildPhase section */

/* Begin PBXTargetDependency section */
		5C1C7BE72BC41B79003049A1 /* PBXTargetDependency */ = {
			isa = PBXTargetDependency;
			target = 5C1C7BD42BC41B77003049A1 /* Hi */;
			targetProxy = 5C1C7BE62BC41B79003049A1 /* PBXContainerItemProxy */;
		};
		5C1C7BF12BC41B79003049A1 /* PBXTargetDependency */ = {
			isa = PBXTargetDependency;
			target = 5C1C7BD42BC41B77003049A1 /* Hi */;
			targetProxy = 5C1C7BF02BC41B79003049A1 /* PBXContainerItemProxy */;
		};
/* End PBXTargetDependency section */

/* Begin XCBuildConfiguration section */
		5C1C7BF72BC41B79003049A1 /* Debug */ = {
			isa = XCBuildConfiguration;
			buildSettings = {
				ALWAYS_SEARCH_USER_PATHS = NO;
				ASSETCATALOG_COMPILER_GENERATE_SWIFT_ASSET_SYMBOL_EXTENSIONS = YES;
				CLANG_ANALYZER_NONNULL = YES;
				CLANG_ANALYZER_NUMBER_OBJECT_CONVERSION = YES_AGGRESSIVE;
				CLANG_CXX_LANGUAGE_STANDARD = "gnu++20";
				CLANG_ENABLE_MODULES = YES;
				CLANG_ENABLE_OBJC_ARC = YES;
				CLANG_ENABLE_OBJC_WEAK = YES;
				CLANG_WARN_BLOCK_CAPTURE_AUTORELEASING = YES;
				CLANG_WARN_BOOL_CONVERSION = YES;
				CLANG_WARN_COMMA = YES;
				CLANG_WARN_CONSTANT_CONVERSION = YES;
				CLANG_WARN_DEPRECATED_OBJC_IMPLEMENTATIONS = YES;
				CLANG_WARN_DIRECT_OBJC_ISA_USAGE = YES_ERROR;
				CLANG_WARN_DOCUMENTATION_COMMENTS = YES;
				CLANG_WARN_EMPTY_BODY = YES;
				CLANG_WARN_ENUM_CONVERSION = YES;
				CLANG_WARN_INFINITE_RECURSION = YES;
				CLANG_WARN_INT_CONVERSION = YES;
				CLANG_WARN_NON_LITERAL_NULL_CONVERSION = YES;
				CLANG_WARN_OBJC_IMPLICIT_RETAIN_SELF = YES;
				CLANG_WARN_OBJC_LITERAL_CONVERSION = YES;
				CLANG_WARN_OBJC_ROOT_CLASS = YES_ERROR;
				CLANG_WARN_QUOTED_INCLUDE_IN_FRAMEWORK_HEADER = YES;
				CLANG_WARN_RANGE_LOOP_ANALYSIS = YES;
				CLANG_WARN_STRICT_PROTOTYPES = YES;
				CLANG_WARN_SUSPICIOUS_MOVE = YES;
				CLANG_WARN_UNGUARDED_AVAILABILITY = YES_AGGRESSIVE;
				CLANG_WARN_UNREACHABLE_CODE = YES;
				CLANG_WARN__DUPLICATE_METHOD_MATCH = YES;
				COPY_PHASE_STRIP = NO;
				DEBUG_INFORMATION_FORMAT = dwarf;
				ENABLE_STRICT_OBJC_MSGSEND = YES;
				ENABLE_TESTABILITY = YES;
				ENABLE_USER_SCRIPT_SANDBOXING = YES;
				GCC_C_LANGUAGE_STANDARD = gnu17;
				GCC_DYNAMIC_NO_PIC = NO;
				GCC_NO_COMMON_BLOCKS = YES;
				GCC_OPTIMIZATION_LEVEL = 0;
				GCC_PREPROCESSOR_DEFINITIONS = (
					"DEBUG=1",
					"$(inherited)",
				);
				GCC_WARN_64_TO_32_BIT_CONVERSION = YES;
				GCC_WARN_ABOUT_RETURN_TYPE = YES_ERROR;
				GCC_WARN_UNDECLARED_SELECTOR = YES;
				GCC_WARN_UNINITIALIZED_AUTOS = YES_AGGRESSIVE;
				GCC_WARN_UNUSED_FUNCTION = YES;
				GCC_WARN_UNUSED_VARIABLE = YES;
				IPHONEOS_DEPLOYMENT_TARGET = 17.4;
				LOCALIZATION_PREFERS_STRING_CATALOGS = YES;
				MTL_ENABLE_DEBUG_INFO = INCLUDE_SOURCE;
				MTL_FAST_MATH = YES;
				ONLY_ACTIVE_ARCH = YES;
				SDKROOT = iphoneos;
				SWIFT_ACTIVE_COMPILATION_CONDITIONS = "DEBUG $(inherited)";
				SWIFT_OPTIMIZATION_LEVEL = "-Onone";
			};
			name = Debug;
		};
		5C1C7BF82BC41B79003049A1 /* Release */ = {
			isa = XCBuildConfiguration;
			buildSettings = {
				ALWAYS_SEARCH_USER_PATHS = NO;
				ASSETCATALOG_COMPILER_GENERATE_SWIFT_ASSET_SYMBOL_EXTENSIONS = YES;
				CLANG_ANALYZER_NONNULL = YES;
				CLANG_ANALYZER_NUMBER_OBJECT_CONVERSION = YES_AGGRESSIVE;
				CLANG_CXX_LANGUAGE_STANDARD = "gnu++20";
				CLANG_ENABLE_MODULES = YES;
				CLANG_ENABLE_OBJC_ARC = YES;
				CLANG_ENABLE_OBJC_WEAK = YES;
				CLANG_WARN_BLOCK_CAPTURE_AUTORELEASING = YES;
				CLANG_WARN_BOOL_CONVERSION = YES;
				CLANG_WARN_COMMA = YES;
				CLANG_WARN_CONSTANT_CONVERSION = YES;
				CLANG_WARN_DEPRECATED_OBJC_IMPLEMENTATIONS = YES;
				CLANG_WARN_DIRECT_OBJC_ISA_USAGE = YES_ERROR;
				CLANG_WARN_DOCUMENTATION_COMMENTS = YES;
				CLANG_WARN_EMPTY_BODY = YES;
				CLANG_WARN_ENUM_CONVERSION = YES;
				CLANG_WARN_INFINITE_RECURSION = YES;
				CLANG_WARN_INT_CONVERSION = YES;
				CLANG_WARN_NON_LITERAL_NULL_CONVERSION = YES;
				CLANG_WARN_OBJC_IMPLICIT_RETAIN_SELF = YES;
				CLANG_WARN_OBJC_LITERAL_CONVERSION = YES;
				CLANG_WARN_OBJC_ROOT_CLASS = YES_ERROR;
				CLANG_WARN_QUOTED_INCLUDE_IN_FRAMEWORK_HEADER = YES;
				CLANG_WARN_RANGE_LOOP_ANALYSIS = YES;
				CLANG_WARN_STRICT_PROTOTYPES = YES;
				CLANG_WARN_SUSPICIOUS_MOVE = YES;
				CLANG_WARN_UNGUARDED_AVAILABILITY = YES_AGGRESSIVE;
				CLANG_WARN_UNREACHABLE_CODE = YES;
				CLANG_WARN__DUPLICATE_METHOD_MATCH = YES;
				COPY_PHASE_STRIP = NO;
				DEBUG_INFORMATION_FORMAT = "dwarf-with-dsym";
				ENABLE_NS_ASSERTIONS = NO;
				ENABLE_STRICT_OBJC_MSGSEND = YES;
				ENABLE_USER_SCRIPT_SANDBOXING = YES;
				GCC_C_LANGUAGE_STANDARD = gnu17;
				GCC_NO_COMMON_BLOCKS = YES;
				GCC_WARN_64_TO_32_BIT_CONVERSION = YES;
				GCC_WARN_ABOUT_RETURN_TYPE = YES_ERROR;
				GCC_WARN_UNDECLARED_SELECTOR = YES;
				GCC_WARN_UNINITIALIZED_AUTOS = YES_AGGRESSIVE;
				GCC_WARN_UNUSED_FUNCTION = YES;
				GCC_WARN_UNUSED_VARIABLE = YES;
				IPHONEOS_DEPLOYMENT_TARGET = 17.4;
				LOCALIZATION_PREFERS_STRING_CATALOGS = YES;
				MTL_ENABLE_DEBUG_INFO = NO;
				MTL_FAST_MATH = YES;
				SDKROOT = iphoneos;
				SWIFT_COMPILATION_MODE = wholemodule;
				VALIDATE_PRODUCT = YES;
			};
			name = Release;
		};
		5C1C7BFA2BC41B79003049A1 /* Debug */ = {
			isa = XCBuildConfiguration;
			buildSettings = {
				ASSETCATALOG_COMPILER_APPICON_NAME = AppIcon;
				ASSETCATALOG_COMPILER_GLOBAL_ACCENT_COLOR_NAME = AccentColor;
				CODE_SIGN_ENTITLEMENTS = Hi/Hi.entitlements;
				CODE_SIGN_IDENTITY = "Apple Development";
				CODE_SIGN_STYLE = Automatic;
				CURRENT_PROJECT_VERSION = 1;
				DEVELOPMENT_ASSET_PATHS = "\"Hi/Preview Content\"";
				DEVELOPMENT_TEAM = "";
				ENABLE_PREVIEWS = YES;
				GENERATE_INFOPLIST_FILE = YES;
				INFOPLIST_KEY_UIApplicationSceneManifest_Generation = YES;
				INFOPLIST_KEY_UIApplicationSupportsIndirectInputEvents = YES;
				INFOPLIST_KEY_UILaunchScreen_Generation = YES;
				INFOPLIST_KEY_UISupportedInterfaceOrientations_iPad = "UIInterfaceOrientationPortrait UIInterfaceOrientationPortraitUpsideDown UIInterfaceOrientationLandscapeLeft UIInterfaceOrientationLandscapeRight";
				INFOPLIST_KEY_UISupportedInterfaceOrientations_iPhone = "UIInterfaceOrientationPortrait UIInterfaceOrientationLandscapeLeft UIInterfaceOrientationLandscapeRight";
				LD_RUNPATH_SEARCH_PATHS = (
					"$(inherited)",
					"@executable_path/Frameworks",
				);
				MARKETING_VERSION = 1.0;
				PRODUCT_BUNDLE_IDENTIFIER = com.gmail.Hi.Hi;
				PRODUCT_NAME = "$(TARGET_NAME)";
				PROVISIONING_PROFILE_SPECIFIER = "";
				SWIFT_EMIT_LOC_STRINGS = YES;
				SWIFT_VERSION = 5.0;
				TARGETED_DEVICE_FAMILY = "1,2";
			};
			name = Debug;
		};
		5C1C7BFB2BC41B79003049A1 /* Release */ = {
			isa = XCBuildConfiguration;
			buildSettings = {
				ASSETCATALOG_COMPILER_APPICON_NAME = AppIcon;
				ASSETCATALOG_COMPILER_GLOBAL_ACCENT_COLOR_NAME = AccentColor;
				CODE_SIGN_ENTITLEMENTS = Hi/Hi.entitlements;
				CODE_SIGN_IDENTITY = "Apple Development";
				CODE_SIGN_STYLE = Automatic;
				CURRENT_PROJECT_VERSION = 1;
				DEVELOPMENT_ASSET_PATHS = "\"Hi/Preview Content\"";
				DEVELOPMENT_TEAM = "";
				ENABLE_PREVIEWS = YES;
				GENERATE_INFOPLIST_FILE = YES;
				INFOPLIST_KEY_UIApplicationSceneManifest_Generation = YES;
				INFOPLIST_KEY_UIApplicationSupportsIndirectInputEvents = YES;
				INFOPLIST_KEY_UILaunchScreen_Generation = YES;
				INFOPLIST_KEY_UISupportedInterfaceOrientations_iPad = "UIInterfaceOrientationPortrait UIInterfaceOrientationPortraitUpsideDown UIInterfaceOrientationLandscapeLeft UIInterfaceOrientationLandscapeRight";
				INFOPLIST_KEY_UISupportedInterfaceOrientations_iPhone = "UIInterfaceOrientationPortrait UIInterfaceOrientationLandscapeLeft UIInterfaceOrientationLandscapeRight";
				LD_RUNPATH_SEARCH_PATHS = (
					"$(inherited)",
					"@executable_path/Frameworks",
				);
				MARKETING_VERSION = 1.0;
				PRODUCT_BUNDLE_IDENTIFIER = com.gmail.Hi.Hi;
				PRODUCT_NAME = "$(TARGET_NAME)";
				PROVISIONING_PROFILE_SPECIFIER = "";
				SWIFT_EMIT_LOC_STRINGS = YES;
				SWIFT_VERSION = 5.0;
				TARGETED_DEVICE_FAMILY = "1,2";
			};
			name = Release;
		};
		5C1C7BFD2BC41B79003049A1 /* Debug */ = {
			isa = XCBuildConfiguration;
			buildSettings = {
				ALWAYS_EMBED_SWIFT_STANDARD_LIBRARIES = YES;
				BUNDLE_LOADER = "$(TEST_HOST)";
				CODE_SIGN_STYLE = Automatic;
				CURRENT_PROJECT_VERSION = 1;
				GENERATE_INFOPLIST_FILE = YES;
				IPHONEOS_DEPLOYMENT_TARGET = 17.4;
				MARKETING_VERSION = 1.0;
				PRODUCT_BUNDLE_IDENTIFIER = com.gmail.Hi.HiTests;
				PRODUCT_NAME = "$(TARGET_NAME)";
				SWIFT_EMIT_LOC_STRINGS = NO;
				SWIFT_VERSION = 5.0;
				TARGETED_DEVICE_FAMILY = "1,2";
				TEST_HOST = "$(BUILT_PRODUCTS_DIR)/Hi.app/$(BUNDLE_EXECUTABLE_FOLDER_PATH)/Hi";
			};
			name = Debug;
		};
		5C1C7BFE2BC41B79003049A1 /* Release */ = {
			isa = XCBuildConfiguration;
			buildSettings = {
				ALWAYS_EMBED_SWIFT_STANDARD_LIBRARIES = YES;
				BUNDLE_LOADER = "$(TEST_HOST)";
				CODE_SIGN_STYLE = Automatic;
				CURRENT_PROJECT_VERSION = 1;
				GENERATE_INFOPLIST_FILE = YES;
				IPHONEOS_DEPLOYMENT_TARGET = 17.4;
				MARKETING_VERSION = 1.0;
				PRODUCT_BUNDLE_IDENTIFIER = com.gmail.Hi.HiTests;
				PRODUCT_NAME = "$(TARGET_NAME)";
				SWIFT_EMIT_LOC_STRINGS = NO;
				SWIFT_VERSION = 5.0;
				TARGETED_DEVICE_FAMILY = "1,2";
				TEST_HOST = "$(BUILT_PRODUCTS_DIR)/Hi.app/$(BUNDLE_EXECUTABLE_FOLDER_PATH)/Hi";
			};
			name = Release;
		};
		5C1C7C002BC41B79003049A1 /* Debug */ = {
			isa = XCBuildConfiguration;
			buildSettings = {
				ALWAYS_EMBED_SWIFT_STANDARD_LIBRARIES = YES;
				CODE_SIGN_STYLE = Automatic;
				CURRENT_PROJECT_VERSION = 1;
				GENERATE_INFOPLIST_FILE = YES;
				MARKETING_VERSION = 1.0;
				PRODUCT_BUNDLE_IDENTIFIER = com.gmail.Hi.HiUITests;
				PRODUCT_NAME = "$(TARGET_NAME)";
				SWIFT_EMIT_LOC_STRINGS = NO;
				SWIFT_VERSION = 5.0;
				TARGETED_DEVICE_FAMILY = "1,2";
				TEST_TARGET_NAME = Hi;
			};
			name = Debug;
		};
		5C1C7C012BC41B79003049A1 /* Release */ = {
			isa = XCBuildConfiguration;
			buildSettings = {
				ALWAYS_EMBED_SWIFT_STANDARD_LIBRARIES = YES;
				CODE_SIGN_STYLE = Automatic;
				CURRENT_PROJECT_VERSION = 1;
				GENERATE_INFOPLIST_FILE = YES;
				MARKETING_VERSION = 1.0;
				PRODUCT_BUNDLE_IDENTIFIER = com.gmail.Hi.HiUITests;
				PRODUCT_NAME = "$(TARGET_NAME)";
				SWIFT_EMIT_LOC_STRINGS = NO;
				SWIFT_VERSION = 5.0;
				TARGETED_DEVICE_FAMILY = "1,2";
				TEST_TARGET_NAME = Hi;
			};
			name = Release;
		};
/* End XCBuildConfiguration section */

/* Begin XCConfigurationList section */
		5C1C7BD02BC41B77003049A1 /* Build configuration list for PBXProject "Hi" */ = {
			isa = XCConfigurationList;
			buildConfigurations = (
				5C1C7BF72BC41B79003049A1 /* Debug */,
				5C1C7BF82BC41B79003049A1 /* Release */,
			);
			defaultConfigurationIsVisible = 0;
			defaultConfigurationName = Release;
		};
		5C1C7BF92BC41B79003049A1 /* Build configuration list for PBXNativeTarget "Hi" */ = {
			isa = XCConfigurationList;
			buildConfigurations = (
				5C1C7BFA2BC41B79003049A1 /* Debug */,
				5C1C7BFB2BC41B79003049A1 /* Release */,
			);
			defaultConfigurationIsVisible = 0;
			defaultConfigurationName = Release;
		};
		5C1C7BFC2BC41B79003049A1 /* Build configuration list for PBXNativeTarget "HiTests" */ = {
			isa = XCConfigurationList;
			buildConfigurations = (
				5C1C7BFD2BC41B79003049A1 /* Debug */,
				5C1C7BFE2BC41B79003049A1 /* Release */,
			);
			defaultConfigurationIsVisible = 0;
			defaultConfigurationName = Release;
		};
		5C1C7BFF2BC41B79003049A1 /* Build configuration list for PBXNativeTarget "HiUITests" */ = {
			isa = XCConfigurationList;
			buildConfigurations = (
				5C1C7C002BC41B79003049A1 /* Debug */,
				5C1C7C012BC41B79003049A1 /* Release */,
			);
			defaultConfigurationIsVisible = 0;
			defaultConfigurationName = Release;
		};
/* End XCConfigurationList section */

/* Begin XCRemoteSwiftPackageReference section */
		5C93BEA62BC6253F00C715DF /* XCRemoteSwiftPackageReference "Auth0.swift" */ = {
			isa = XCRemoteSwiftPackageReference;
			repositoryURL = "https://github.com/auth0/Auth0.swift.git";
			requirement = {
				kind = upToNextMajorVersion;
				minimumVersion = 2.6.0;
			};
		};
/* End XCRemoteSwiftPackageReference section */

/* Begin XCSwiftPackageProductDependency section */
		5C93BEA72BC6253F00C715DF /* Auth0 */ = {
			isa = XCSwiftPackageProductDependency;
			package = 5C93BEA62BC6253F00C715DF /* XCRemoteSwiftPackageReference "Auth0.swift" */;
			productName = Auth0;
		};
/* End XCSwiftPackageProductDependency section */
	};
	rootObject = 5C1C7BCD2BC41B77003049A1 /* Project object */;
}
