// !$*UTF8*$!
{
	archiveVersion = 1;
	classes = {
	};
	objectVersion = 56;
	objects = {

/* Begin PBXBuildFile section */
		5C1C7BD92BC41B77003049A1 /* HiApp.swift in Sources */ = {isa = PBXBuildFile; fileRef = 5C1C7BD82BC41B77003049A1 /* HiApp.swift */; };
		5C1C7BDB2BC41B77003049A1 /* ContentView.swift in Sources */ = {isa = PBXBuildFile; fileRef = 5C1C7BDA2BC41B77003049A1 /* ContentView.swift */; };
		5C1C7BDD2BC41B79003049A1 /* Assets.xcassets in Resources */ = {isa = PBXBuildFile; fileRef = 5C1C7BDC2BC41B79003049A1 /* Assets.xcassets */; };
		5C1C7BE02BC41B79003049A1 /* Preview Assets.xcassets in Resources */ = {isa = PBXBuildFile; fileRef = 5C1C7BDF2BC41B79003049A1 /* Preview Assets.xcassets */; };
		5C1C7BEA2BC41B79003049A1 /* HiTests.swift in Sources */ = {isa = PBXBuildFile; fileRef = 5C1C7BE92BC41B79003049A1 /* HiTests.swift */; };
		5C1C7BF42BC41B79003049A1 /* HiUITests.swift in Sources */ = {isa = PBXBuildFile; fileRef = 5C1C7BF32BC41B79003049A1 /* HiUITests.swift */; };
		5C1C7BF62BC41B79003049A1 /* HiUITestsLaunchTests.swift in Sources */ = {isa = PBXBuildFile; fileRef = 5C1C7BF52BC41B79003049A1 /* HiUITestsLaunchTests.swift */; };
		5C818C9D2BC4DE56005A6FC1 /* HomeView.swift in Sources */ = {isa = PBXBuildFile; fileRef = 5C818C9C2BC4DE56005A6FC1 /* HomeView.swift */; };
		5C818CA02BC4E162005A6FC1 /* SettingView.swift in Sources */ = {isa = PBXBuildFile; fileRef = 5C818C9F2BC4E162005A6FC1 /* SettingView.swift */; };
		5C93BE9C2BC57A1D00C715DF /* NavigationRouter.swift in Sources */ = {isa = PBXBuildFile; fileRef = 5C93BE9B2BC57A1D00C715DF /* NavigationRouter.swift */; };
		5C93BE9E2BC585B300C715DF /* LogoutButton.swift in Sources */ = {isa = PBXBuildFile; fileRef = 5C93BE9D2BC585B300C715DF /* LogoutButton.swift */; };
		5C93BEA52BC623D300C715DF /* Auth0.plist in Resources */ = {isa = PBXBuildFile; fileRef = 5C93BEA42BC623D300C715DF /* Auth0.plist */; };
		5C93BEA82BC6253F00C715DF /* Auth0 in Frameworks */ = {isa = PBXBuildFile; productRef = 5C93BEA72BC6253F00C715DF /* Auth0 */; };
		5C93BEAB2BC625DE00C715DF /* Auth0Service.swift in Sources */ = {isa = PBXBuildFile; fileRef = 5C93BEAA2BC625DE00C715DF /* Auth0Service.swift */; };
		5C93BEAD2BC6278D00C715DF /* Profile.swift in Sources */ = {isa = PBXBuildFile; fileRef = 5C93BEAC2BC6278D00C715DF /* Profile.swift */; };
		5CCC35FA2BC4E4F1003B00C5 /* MainTabBar.swift in Sources */ = {isa = PBXBuildFile; fileRef = 5CCC35F92BC4E4F1003B00C5 /* MainTabBar.swift */; };
		5CCC35FC2BC4EB7D003B00C5 /* UserCardButton.swift in Sources */ = {isa = PBXBuildFile; fileRef = 5CCC35FB2BC4EB7D003B00C5 /* UserCardButton.swift */; };
		5CCC35FF2BC51276003B00C5 /* HomeViewModel.swift in Sources */ = {isa = PBXBuildFile; fileRef = 5CCC35FE2BC51276003B00C5 /* HomeViewModel.swift */; };
		5CCC36032BC55B11003B00C5 /* LoginView.swift in Sources */ = {isa = PBXBuildFile; fileRef = 5CCC36022BC55B11003B00C5 /* LoginView.swift */; };
		5CCC36052BC56492003B00C5 /* BasicRoundButton.swift in Sources */ = {isa = PBXBuildFile; fileRef = 5CCC36042BC56492003B00C5 /* BasicRoundButton.swift */; };
/* End PBXBuildFile section */

/* Begin PBXContainerItemProxy section */
		5C1C7BE62BC41B79003049A1 /* PBXContainerItemProxy */ = {
			isa = PBXContainerItemProxy;
			containerPortal = 5C1C7BCD2BC41B77003049A1 /* Project object */;
			proxyType = 1;
			remoteGlobalIDString = 5C1C7BD42BC41B77003049A1;
			remoteInfo = Hi;
		};
		5C1C7BF02BC41B79003049A1 /* PBXContainerItemProxy */ = {
			isa = PBXContainerItemProxy;
			containerPortal = 5C1C7BCD2BC41B77003049A1 /* Project object */;
			proxyType = 1;
			remoteGlobalIDString = 5C1C7BD42BC41B77003049A1;
			remoteInfo = Hi;
		};
/* End PBXContainerItemProxy section */

/* Begin PBXFileReference section */
		5C1C7BD52BC41B77003049A1 /* Hi.app */ = {isa = PBXFileReference; explicitFileType = wrapper.application; includeInIndex = 0; path = Hi.app; sourceTree = BUILT_PRODUCTS_DIR; };
		5C1C7BD82BC41B77003049A1 /* HiApp.swift */ = {isa = PBXFileReference; lastKnownFileType = sourcecode.swift; path = HiApp.swift; sourceTree = "<group>"; };
		5C1C7BDA2BC41B77003049A1 /* ContentView.swift */ = {isa = PBXFileReference; lastKnownFileType = sourcecode.swift; path = ContentView.swift; sourceTree = "<group>"; };
		5C1C7BDC2BC41B79003049A1 /* Assets.xcassets */ = {isa = PBXFileReference; lastKnownFileType = folder.assetcatalog; path = Assets.xcassets; sourceTree = "<group>"; };
		5C1C7BDF2BC41B79003049A1 /* Preview Assets.xcassets */ = {isa = PBXFileReference; lastKnownFileType = folder.assetcatalog; path = "Preview Assets.xcassets"; sourceTree = "<group>"; };
		5C1C7BE52BC41B79003049A1 /* HiTests.xctest */ = {isa = PBXFileReference; explicitFileType = wrapper.cfbundle; includeInIndex = 0; path = HiTests.xctest; sourceTree = BUILT_PRODUCTS_DIR; };
		5C1C7BE92BC41B79003049A1 /* HiTests.swift */ = {isa = PBXFileReference; lastKnownFileType = sourcecode.swift; path = HiTests.swift; sourceTree = "<group>"; };
		5C1C7BEF2BC41B79003049A1 /* HiUITests.xctest */ = {isa = PBXFileReference; explicitFileType = wrapper.cfbundle; includeInIndex = 0; path = HiUITests.xctest; sourceTree = BUILT_PRODUCTS_DIR; };
		5C1C7BF32BC41B79003049A1 /* HiUITests.swift */ = {isa = PBXFileReference; lastKnownFileType = sourcecode.swift; path = HiUITests.swift; sourceTree = "<group>"; };
		5C1C7BF52BC41B79003049A1 /* HiUITestsLaunchTests.swift */ = {isa = PBXFileReference; lastKnownFileType = sourcecode.swift; path = HiUITestsLaunchTests.swift; sourceTree = "<group>"; };
		5C818C9C2BC4DE56005A6FC1 /* HomeView.swift */ = {isa = PBXFileReference; lastKnownFileType = sourcecode.swift; path = HomeView.swift; sourceTree = "<group>"; };
		5C818C9F2BC4E162005A6FC1 /* SettingView.swift */ = {isa = PBXFileReference; lastKnownFileType = sourcecode.swift; path = SettingView.swift; sourceTree = "<group>"; };
		5C93BE9B2BC57A1D00C715DF /* NavigationRouter.swift */ = {isa = PBXFileReference; lastKnownFileType = sourcecode.swift; path = NavigationRouter.swift; sourceTree = "<group>"; };
		5C93BE9D2BC585B300C715DF /* LogoutButton.swift */ = {isa = PBXFileReference; lastKnownFileType = sourcecode.swift; path = LogoutButton.swift; sourceTree = "<group>"; };
		5C93BEA42BC623D300C715DF /* Auth0.plist */ = {isa = PBXFileReference; lastKnownFileType = text.plist.xml; path = Auth0.plist; sourceTree = "<group>"; };
		5C93BEAA2BC625DE00C715DF /* Auth0Service.swift */ = {isa = PBXFileReference; lastKnownFileType = sourcecode.swift; path = Auth0Service.swift; sourceTree = "<group>"; };
		5C93BEAC2BC6278D00C715DF /* Profile.swift */ = {isa = PBXFileReference; lastKnownFileType = sourcecode.swift; path = Profile.swift; sourceTree = "<group>"; };
		5CCC35F92BC4E4F1003B00C5 /* MainTabBar.swift */ = {isa = PBXFileReference; lastKnownFileType = sourcecode.swift; path = MainTabBar.swift; sourceTree = "<group>"; };
		5CCC35FB2BC4EB7D003B00C5 /* UserCardButton.swift */ = {isa = PBXFileReference; lastKnownFileType = sourcecode.swift; path = UserCardButton.swift; sourceTree = "<group>"; };
		5CCC35FE2BC51276003B00C5 /* HomeViewModel.swift */ = {isa = PBXFileReference; lastKnownFileType = sourcecode.swift; path = HomeViewModel.swift; sourceTree = "<group>"; };
		5CCC36022BC55B11003B00C5 /* LoginView.swift */ = {isa = PBXFileReference; lastKnownFileType = sourcecode.swift; path = LoginView.swift; sourceTree = "<group>"; };
		5CCC36042BC56492003B00C5 /* BasicRoundButton.swift */ = {isa = PBXFileReference; lastKnownFileType = sourcecode.swift; path = BasicRoundButton.swift; sourceTree = "<group>"; };
/* End PBXFileReference section */

/* Begin PBXFrameworksBuildPhase section */
		5C1C7BD22BC41B77003049A1 /* Frameworks */ = {
			isa = PBXFrameworksBuildPhase;
			buildActionMask = 2147483647;
			files = (
				5C93BEA82BC6253F00C715DF /* Auth0 in Frameworks */,
			);
			runOnlyForDeploymentPostprocessing = 0;
		};
		5C1C7BE22BC41B79003049A1 /* Frameworks */ = {
			isa = PBXFrameworksBuildPhase;
			buildActionMask = 2147483647;
			files = (
			);
			runOnlyForDeploymentPostprocessing = 0;
		};
		5C1C7BEC2BC41B79003049A1 /* Frameworks */ = {
			isa = PBXFrameworksBuildPhase;
			buildActionMask = 2147483647;
			files = (
			);
			runOnlyForDeploymentPostprocessing = 0;
		};
/* End PBXFrameworksBuildPhase section */

/* Begin PBXGroup section */
		5C1C7BCC2BC41B77003049A1 = {
			isa = PBXGroup;
			children = (
				5C1C7BD72BC41B77003049A1 /* Hi */,
				5C1C7BE82BC41B79003049A1 /* HiTests */,
				5C1C7BF22BC41B79003049A1 /* HiUITests */,
				5C1C7BD62BC41B77003049A1 /* Products */,
			);
			sourceTree = "<group>";
		};
		5C1C7BD62BC41B77003049A1 /* Products */ = {
			isa = PBXGroup;
			children = (
				5C1C7BD52BC41B77003049A1 /* Hi.app */,
				5C1C7BE52BC41B79003049A1 /* HiTests.xctest */,
				5C1C7BEF2BC41B79003049A1 /* HiUITests.xctest */,
			);
			name = Products;
			sourceTree = "<group>";
		};
		5C1C7BD72BC41B77003049A1 /* Hi */ = {
			isa = PBXGroup;
			children = (
				5C93BEAE2BC627E300C715DF /* Model */,
				5C93BEA92BC625B400C715DF /* Infrastructure */,
				5C93BE982BC579BD00C715DF /* Router */,
				5C818CA12BC4E398005A6FC1 /* Component */,
				5C818C9A2BC4DDAF005A6FC1 /* View */,
				5C1C7BD82BC41B77003049A1 /* HiApp.swift */,
				5C1C7BDE2BC41B79003049A1 /* Preview Content */,
				5C1C7BDC2BC41B79003049A1 /* Assets.xcassets */,
				5C93BEA42BC623D300C715DF /* Auth0.plist */,
			);
			path = Hi;
			sourceTree = "<group>";
		};
		5C1C7BDE2BC41B79003049A1 /* Preview Content */ = {
			isa = PBXGroup;
			children = (
				5C1C7BDF2BC41B79003049A1 /* Preview Assets.xcassets */,
			);
			path = "Preview Content";
			sourceTree = "<group>";
		};
		5C1C7BE82BC41B79003049A1 /* HiTests */ = {
			isa = PBXGroup;
			children = (
				5C1C7BE92BC41B79003049A1 /* HiTests.swift */,
			);
			path = HiTests;
			sourceTree = "<group>";
		};
		5C1C7BF22BC41B79003049A1 /* HiUITests */ = {
			isa = PBXGroup;
			children = (
				5C1C7BF32BC41B79003049A1 /* HiUITests.swift */,
				5C1C7BF52BC41B79003049A1 /* HiUITestsLaunchTests.swift */,
			);
			path = HiUITests;
			sourceTree = "<group>";
		};
		5C818C9A2BC4DDAF005A6FC1 /* View */ = {
			isa = PBXGroup;
			children = (
				5CCC36012BC55B00003B00C5 /* Login */,
				5C818C9E2BC4E152005A6FC1 /* Setting */,
				5C818C9B2BC4DE44005A6FC1 /* Home */,
				5C1C7BDA2BC41B77003049A1 /* ContentView.swift */,
			);
			path = View;
			sourceTree = "<group>";
		};
		5C818C9B2BC4DE44005A6FC1 /* Home */ = {
			isa = PBXGroup;
			children = (
				5C818C9C2BC4DE56005A6FC1 /* HomeView.swift */,
				5CCC35FE2BC51276003B00C5 /* HomeViewModel.swift */,
			);
			path = Home;
			sourceTree = "<group>";
		};
		5C818C9E2BC4E152005A6FC1 /* Setting */ = {
			isa = PBXGroup;
			children = (
				5C818C9F2BC4E162005A6FC1 /* SettingView.swift */,
			);
			path = Setting;
			sourceTree = "<group>";
		};
		5C818CA12BC4E398005A6FC1 /* Component */ = {
			isa = PBXGroup;
			children = (
				5CCC35FD2BC5088C003B00C5 /* Button */,
				5CCC35F82BC4E4D1003B00C5 /* Tab */,
			);
			path = Component;
			sourceTree = "<group>";
		};
		5C93BE982BC579BD00C715DF /* Router */ = {
			isa = PBXGroup;
			children = (
				5C93BE9B2BC57A1D00C715DF /* NavigationRouter.swift */,
			);
			path = Router;
			sourceTree = "<group>";
		};
		5C93BEA92BC625B400C715DF /* Infrastructure */ = {
			isa = PBXGroup;
			children = (
				5C93BEAA2BC625DE00C715DF /* Auth0Service.swift */,
			);
			path = Infrastructure;
			sourceTree = "<group>";
		};
		5C93BEAE2BC627E300C715DF /* Model */ = {
			isa = PBXGroup;
			children = (
				5C93BEAC2BC6278D00C715DF /* Profile.swift */,
			);
			path = Model;
			sourceTree = "<group>";
		};
		5CCC35F82BC4E4D1003B00C5 /* Tab */ = {
			isa = PBXGroup;
			children = (
				5CCC35F92BC4E4F1003B00C5 /* MainTabBar.swift */,
			);
			path = Tab;
			sourceTree = "<group>";
		};
		5CCC35FD2BC5088C003B00C5 /* Button */ = {
			isa = PBXGroup;
			children = (
				5CCC35FB2BC4EB7D003B00C5 /* UserCardButton.swift */,
				5CCC36042BC56492003B00C5 /* BasicRoundButton.swift */,
				5C93BE9D2BC585B300C715DF /* LogoutButton.swift */,
			);
			path = Button;
			sourceTree = "<group>";
		};
		5CCC36012BC55B00003B00C5 /* Login */ = {
			isa = PBXGroup;
			children = (
				5CCC36022BC55B11003B00C5 /* LoginView.swift */,
			);
			path = Login;
			sourceTree = "<group>";
		};
/* End PBXGroup section */

/* Begin PBXNativeTarget section */
		5C1C7BD42BC41B77003049A1 /* Hi */ = {
			isa = PBXNativeTarget;
			buildConfigurationList = 5C1C7BF92BC41B79003049A1 /* Build configuration list for PBXNativeTarget "Hi" */;
			buildPhases = (
				5C1C7BD12BC41B77003049A1 /* Sources */,
				5C1C7BD22BC41B77003049A1 /* Frameworks */,
				5C1C7BD32BC41B77003049A1 /* Resources */,
			);
			buildRules = (
			);
			dependencies = (
			);
			name = Hi;
			packageProductDependencies = (
				5C93BEA72BC6253F00C715DF /* Auth0 */,
			);
			productName = Hi;
			productReference = 5C1C7BD52BC41B77003049A1 /* Hi.app */;
			productType = "com.apple.product-type.application";
		};
		5C1C7BE42BC41B79003049A1 /* HiTests */ = {
			isa = PBXNativeTarget;
			buildConfigurationList = 5C1C7BFC2BC41B79003049A1 /* Build configuration list for PBXNativeTarget "HiTests" */;
			buildPhases = (
				5C1C7BE12BC41B79003049A1 /* Sources */,
				5C1C7BE22BC41B79003049A1 /* Frameworks */,
				5C1C7BE32BC41B79003049A1 /* Resources */,
			);
			buildRules = (
			);
			dependencies = (
				5C1C7BE72BC41B79003049A1 /* PBXTargetDependency */,
			);
			name = HiTests;
			productName = HiTests;
			productReference = 5C1C7BE52BC41B79003049A1 /* HiTests.xctest */;
			productType = "com.apple.product-type.bundle.unit-test";
		};
		5C1C7BEE2BC41B79003049A1 /* HiUITests */ = {
			isa = PBXNativeTarget;
			buildConfigurationList = 5C1C7BFF2BC41B79003049A1 /* Build configuration list for PBXNativeTarget "HiUITests" */;
			buildPhases = (
				5C1C7BEB2BC41B79003049A1 /* Sources */,
				5C1C7BEC2BC41B79003049A1 /* Frameworks */,
				5C1C7BED2BC41B79003049A1 /* Resources */,
			);
			buildRules = (
			);
			dependencies = (
				5C1C7BF12BC41B79003049A1 /* PBXTargetDependency */,
			);
			name = HiUITests;
			productName = HiUITests;
			productReference = 5C1C7BEF2BC41B79003049A1 /* HiUITests.xctest */;
			productType = "com.apple.product-type.bundle.ui-testing";
		};
/* End PBXNativeTarget section */

/* Begin PBXProject section */
		5C1C7BCD2BC41B77003049A1 /* Project object */ = {
			isa = PBXProject;
			attributes = {
				BuildIndependentTargetsInParallel = 1;
				LastSwiftUpdateCheck = 1530;
				LastUpgradeCheck = 1530;
				TargetAttributes = {
					5C1C7BD42BC41B77003049A1 = {
						CreatedOnToolsVersion = 15.3;
					};
					5C1C7BE42BC41B79003049A1 = {
						CreatedOnToolsVersion = 15.3;
						TestTargetID = 5C1C7BD42BC41B77003049A1;
					};
					5C1C7BEE2BC41B79003049A1 = {
						CreatedOnToolsVersion = 15.3;
						TestTargetID = 5C1C7BD42BC41B77003049A1;
					};
				};
			};
			buildConfigurationList = 5C1C7BD02BC41B77003049A1 /* Build configuration list for PBXProject "Hi" */;
			compatibilityVersion = "Xcode 14.0";
			developmentRegion = en;
			hasScannedForEncodings = 0;
			knownRegions = (
				en,
				Base,
			);
			mainGroup = 5C1C7BCC2BC41B77003049A1;
			packageReferences = (
				5C93BEA62BC6253F00C715DF /* XCRemoteSwiftPackageReference "Auth0.swift" */,
			);
			productRefGroup = 5C1C7BD62BC41B77003049A1 /* Products */;
			projectDirPath = "";
			projectRoot = "";
			targets = (
				5C1C7BD42BC41B77003049A1 /* Hi */,
				5C1C7BE42BC41B79003049A1 /* HiTests */,
				5C1C7BEE2BC41B79003049A1 /* HiUITests */,
			);
		};
/* End PBXProject section */

/* Begin PBXResourcesBuildPhase section */
		5C1C7BD32BC41B77003049A1 /* Resources */ = {
			isa = PBXResourcesBuildPhase;
			buildActionMask = 2147483647;
			files = (
				5C1C7BE02BC41B79003049A1 /* Preview Assets.xcassets in Resources */,
				5C93BEA52BC623D300C715DF /* Auth0.plist in Resources */,
				5C1C7BDD2BC41B79003049A1 /* Assets.xcassets in Resources */,
			);
			runOnlyForDeploymentPostprocessing = 0;
		};
		5C1C7BE32BC41B79003049A1 /* Resources */ = {
			isa = PBXResourcesBuildPhase;
			buildActionMask = 2147483647;
			files = (
			);
			runOnlyForDeploymentPostprocessing = 0;
		};
		5C1C7BED2BC41B79003049A1 /* Resources */ = {
			isa = PBXResourcesBuildPhase;
			buildActionMask = 2147483647;
			files = (
			);
			runOnlyForDeploymentPostprocessing = 0;
		};
/* End PBXResourcesBuildPhase section */

/* Begin PBXSourcesBuildPhase section */
		5C1C7BD12BC41B77003049A1 /* Sources */ = {
			isa = PBXSourcesBuildPhase;
			buildActionMask = 2147483647;
			files = (
				5CCC35FA2BC4E4F1003B00C5 /* MainTabBar.swift in Sources */,
				5CCC36052BC56492003B00C5 /* BasicRoundButton.swift in Sources */,
				5C818C9D2BC4DE56005A6FC1 /* HomeView.swift in Sources */,
				5C93BEAD2BC6278D00C715DF /* Profile.swift in Sources */,
				5CCC35FF2BC51276003B00C5 /* HomeViewModel.swift in Sources */,
				5C818CA02BC4E162005A6FC1 /* SettingView.swift in Sources */,
				5C1C7BDB2BC41B77003049A1 /* ContentView.swift in Sources */,
				5CCC35FC2BC4EB7D003B00C5 /* UserCardButton.swift in Sources */,
				5CCC36032BC55B11003B00C5 /* LoginView.swift in Sources */,
				5C93BEAB2BC625DE00C715DF /* Auth0Service.swift in Sources */,
				5C93BE9E2BC585B300C715DF /* LogoutButton.swift in Sources */,
				5C93BE9C2BC57A1D00C715DF /* NavigationRouter.swift in Sources */,
				5C1C7BD92BC41B77003049A1 /* HiApp.swift in Sources */,
			);
			runOnlyForDeploymentPostprocessing = 0;
		};
		5C1C7BE12BC41B79003049A1 /* Sources */ = {
			isa = PBXSourcesBuildPhase;
			buildActionMask = 2147483647;
			files = (
				5C1C7BEA2BC41B79003049A1 /* HiTests.swift in Sources */,
			);
			runOnlyForDeploymentPostprocessing = 0;
		};
		5C1C7BEB2BC41B79003049A1 /* Sources */ = {
			isa = PBXSourcesBuildPhase;
			buildActionMask = 2147483647;
			files = (
				5C1C7BF42BC41B79003049A1 /* HiUITests.swift in Sources */,
				5C1C7BF62BC41B79003049A1 /* HiUITestsLaunchTests.swift in Sources */,
			);
			runOnlyForDeploymentPostprocessing = 0;
		};
/* End PBXSourcesBuildPhase section */

/* Begin PBXTargetDependency section */
		5C1C7BE72BC41B79003049A1 /* PBXTargetDependency */ = {
			isa = PBXTargetDependency;
			target = 5C1C7BD42BC41B77003049A1 /* Hi */;
			targetProxy = 5C1C7BE62BC41B79003049A1 /* PBXContainerItemProxy */;
		};
		5C1C7BF12BC41B79003049A1 /* PBXTargetDependency */ = {
			isa = PBXTargetDependency;
			target = 5C1C7BD42BC41B77003049A1 /* Hi */;
			targetProxy = 5C1C7BF02BC41B79003049A1 /* PBXContainerItemProxy */;
		};
/* End PBXTargetDependency section */

/* Begin XCBuildConfiguration section */
		5C1C7BF72BC41B79003049A1 /* Debug */ = {
			isa = XCBuildConfiguration;
			buildSettings = {
				ALWAYS_SEARCH_USER_PATHS = NO;
				ASSETCATALOG_COMPILER_GENERATE_SWIFT_ASSET_SYMBOL_EXTENSIONS = YES;
				CLANG_ANALYZER_NONNULL = YES;
				CLANG_ANALYZER_NUMBER_OBJECT_CONVERSION = YES_AGGRESSIVE;
				CLANG_CXX_LANGUAGE_STANDARD = "gnu++20";
				CLANG_ENABLE_MODULES = YES;
				CLANG_ENABLE_OBJC_ARC = YES;
				CLANG_ENABLE_OBJC_WEAK = YES;
				CLANG_WARN_BLOCK_CAPTURE_AUTORELEASING = YES;
				CLANG_WARN_BOOL_CONVERSION = YES;
				CLANG_WARN_COMMA = YES;
				CLANG_WARN_CONSTANT_CONVERSION = YES;
				CLANG_WARN_DEPRECATED_OBJC_IMPLEMENTATIONS = YES;
				CLANG_WARN_DIRECT_OBJC_ISA_USAGE = YES_ERROR;
				CLANG_WARN_DOCUMENTATION_COMMENTS = YES;
				CLANG_WARN_EMPTY_BODY = YES;
				CLANG_WARN_ENUM_CONVERSION = YES;
				CLANG_WARN_INFINITE_RECURSION = YES;
				CLANG_WARN_INT_CONVERSION = YES;
				CLANG_WARN_NON_LITERAL_NULL_CONVERSION = YES;
				CLANG_WARN_OBJC_IMPLICIT_RETAIN_SELF = YES;
				CLANG_WARN_OBJC_LITERAL_CONVERSION = YES;
				CLANG_WARN_OBJC_ROOT_CLASS = YES_ERROR;
				CLANG_WARN_QUOTED_INCLUDE_IN_FRAMEWORK_HEADER = YES;
				CLANG_WARN_RANGE_LOOP_ANALYSIS = YES;
				CLANG_WARN_STRICT_PROTOTYPES = YES;
				CLANG_WARN_SUSPICIOUS_MOVE = YES;
				CLANG_WARN_UNGUARDED_AVAILABILITY = YES_AGGRESSIVE;
				CLANG_WARN_UNREACHABLE_CODE = YES;
				CLANG_WARN__DUPLICATE_METHOD_MATCH = YES;
				COPY_PHASE_STRIP = NO;
				DEBUG_INFORMATION_FORMAT = dwarf;
				ENABLE_STRICT_OBJC_MSGSEND = YES;
				ENABLE_TESTABILITY = YES;
				ENABLE_USER_SCRIPT_SANDBOXING = YES;
				GCC_C_LANGUAGE_STANDARD = gnu17;
				GCC_DYNAMIC_NO_PIC = NO;
				GCC_NO_COMMON_BLOCKS = YES;
				GCC_OPTIMIZATION_LEVEL = 0;
				GCC_PREPROCESSOR_DEFINITIONS = (
					"DEBUG=1",
					"$(inherited)",
				);
				GCC_WARN_64_TO_32_BIT_CONVERSION = YES;
				GCC_WARN_ABOUT_RETURN_TYPE = YES_ERROR;
				GCC_WARN_UNDECLARED_SELECTOR = YES;
				GCC_WARN_UNINITIALIZED_AUTOS = YES_AGGRESSIVE;
				GCC_WARN_UNUSED_FUNCTION = YES;
				GCC_WARN_UNUSED_VARIABLE = YES;
				IPHONEOS_DEPLOYMENT_TARGET = 17.4;
				LOCALIZATION_PREFERS_STRING_CATALOGS = YES;
				MTL_ENABLE_DEBUG_INFO = INCLUDE_SOURCE;
				MTL_FAST_MATH = YES;
				ONLY_ACTIVE_ARCH = YES;
				SDKROOT = iphoneos;
				SWIFT_ACTIVE_COMPILATION_CONDITIONS = "DEBUG $(inherited)";
				SWIFT_OPTIMIZATION_LEVEL = "-Onone";
			};
			name = Debug;
		};
		5C1C7BF82BC41B79003049A1 /* Release */ = {
			isa = XCBuildConfiguration;
			buildSettings = {
				ALWAYS_SEARCH_USER_PATHS = NO;
				ASSETCATALOG_COMPILER_GENERATE_SWIFT_ASSET_SYMBOL_EXTENSIONS = YES;
				CLANG_ANALYZER_NONNULL = YES;
				CLANG_ANALYZER_NUMBER_OBJECT_CONVERSION = YES_AGGRESSIVE;
				CLANG_CXX_LANGUAGE_STANDARD = "gnu++20";
				CLANG_ENABLE_MODULES = YES;
				CLANG_ENABLE_OBJC_ARC = YES;
				CLANG_ENABLE_OBJC_WEAK = YES;
				CLANG_WARN_BLOCK_CAPTURE_AUTORELEASING = YES;
				CLANG_WARN_BOOL_CONVERSION = YES;
				CLANG_WARN_COMMA = YES;
				CLANG_WARN_CONSTANT_CONVERSION = YES;
				CLANG_WARN_DEPRECATED_OBJC_IMPLEMENTATIONS = YES;
				CLANG_WARN_DIRECT_OBJC_ISA_USAGE = YES_ERROR;
				CLANG_WARN_DOCUMENTATION_COMMENTS = YES;
				CLANG_WARN_EMPTY_BODY = YES;
				CLANG_WARN_ENUM_CONVERSION = YES;
				CLANG_WARN_INFINITE_RECURSION = YES;
				CLANG_WARN_INT_CONVERSION = YES;
				CLANG_WARN_NON_LITERAL_NULL_CONVERSION = YES;
				CLANG_WARN_OBJC_IMPLICIT_RETAIN_SELF = YES;
				CLANG_WARN_OBJC_LITERAL_CONVERSION = YES;
				CLANG_WARN_OBJC_ROOT_CLASS = YES_ERROR;
				CLANG_WARN_QUOTED_INCLUDE_IN_FRAMEWORK_HEADER = YES;
				CLANG_WARN_RANGE_LOOP_ANALYSIS = YES;
				CLANG_WARN_STRICT_PROTOTYPES = YES;
				CLANG_WARN_SUSPICIOUS_MOVE = YES;
				CLANG_WARN_UNGUARDED_AVAILABILITY = YES_AGGRESSIVE;
				CLANG_WARN_UNREACHABLE_CODE = YES;
				CLANG_WARN__DUPLICATE_METHOD_MATCH = YES;
				COPY_PHASE_STRIP = NO;
				DEBUG_INFORMATION_FORMAT = "dwarf-with-dsym";
				ENABLE_NS_ASSERTIONS = NO;
				ENABLE_STRICT_OBJC_MSGSEND = YES;
				ENABLE_USER_SCRIPT_SANDBOXING = YES;
				GCC_C_LANGUAGE_STANDARD = gnu17;
				GCC_NO_COMMON_BLOCKS = YES;
				GCC_WARN_64_TO_32_BIT_CONVERSION = YES;
				GCC_WARN_ABOUT_RETURN_TYPE = YES_ERROR;
				GCC_WARN_UNDECLARED_SELECTOR = YES;
				GCC_WARN_UNINITIALIZED_AUTOS = YES_AGGRESSIVE;
				GCC_WARN_UNUSED_FUNCTION = YES;
				GCC_WARN_UNUSED_VARIABLE = YES;
				IPHONEOS_DEPLOYMENT_TARGET = 17.4;
				LOCALIZATION_PREFERS_STRING_CATALOGS = YES;
				MTL_ENABLE_DEBUG_INFO = NO;
				MTL_FAST_MATH = YES;
				SDKROOT = iphoneos;
				SWIFT_COMPILATION_MODE = wholemodule;
				VALIDATE_PRODUCT = YES;
			};
			name = Release;
		};
		5C1C7BFA2BC41B79003049A1 /* Debug */ = {
			isa = XCBuildConfiguration;
			buildSettings = {
				ASSETCATALOG_COMPILER_APPICON_NAME = AppIcon;
				ASSETCATALOG_COMPILER_GLOBAL_ACCENT_COLOR_NAME = AccentColor;
				CODE_SIGN_STYLE = Automatic;
				CURRENT_PROJECT_VERSION = 1;
				DEVELOPMENT_ASSET_PATHS = "\"Hi/Preview Content\"";
				ENABLE_PREVIEWS = YES;
				GENERATE_INFOPLIST_FILE = YES;
				INFOPLIST_KEY_UIApplicationSceneManifest_Generation = YES;
				INFOPLIST_KEY_UIApplicationSupportsIndirectInputEvents = YES;
				INFOPLIST_KEY_UILaunchScreen_Generation = YES;
				INFOPLIST_KEY_UISupportedInterfaceOrientations_iPad = "UIInterfaceOrientationPortrait UIInterfaceOrientationPortraitUpsideDown UIInterfaceOrientationLandscapeLeft UIInterfaceOrientationLandscapeRight";
				INFOPLIST_KEY_UISupportedInterfaceOrientations_iPhone = "UIInterfaceOrientationPortrait UIInterfaceOrientationLandscapeLeft UIInterfaceOrientationLandscapeRight";
				LD_RUNPATH_SEARCH_PATHS = (
					"$(inherited)",
					"@executable_path/Frameworks",
				);
				MARKETING_VERSION = 1.0;
				PRODUCT_BUNDLE_IDENTIFIER = com.gmail.Hi.Hi;
				PRODUCT_NAME = "$(TARGET_NAME)";
				SWIFT_EMIT_LOC_STRINGS = YES;
				SWIFT_VERSION = 5.0;
				TARGETED_DEVICE_FAMILY = "1,2";
			};
			name = Debug;
		};
		5C1C7BFB2BC41B79003049A1 /* Release */ = {
			isa = XCBuildConfiguration;
			buildSettings = {
				ASSETCATALOG_COMPILER_APPICON_NAME = AppIcon;
				ASSETCATALOG_COMPILER_GLOBAL_ACCENT_COLOR_NAME = AccentColor;
				CODE_SIGN_STYLE = Automatic;
				CURRENT_PROJECT_VERSION = 1;
				DEVELOPMENT_ASSET_PATHS = "\"Hi/Preview Content\"";
				ENABLE_PREVIEWS = YES;
				GENERATE_INFOPLIST_FILE = YES;
				INFOPLIST_KEY_UIApplicationSceneManifest_Generation = YES;
				INFOPLIST_KEY_UIApplicationSupportsIndirectInputEvents = YES;
				INFOPLIST_KEY_UILaunchScreen_Generation = YES;
				INFOPLIST_KEY_UISupportedInterfaceOrientations_iPad = "UIInterfaceOrientationPortrait UIInterfaceOrientationPortraitUpsideDown UIInterfaceOrientationLandscapeLeft UIInterfaceOrientationLandscapeRight";
				INFOPLIST_KEY_UISupportedInterfaceOrientations_iPhone = "UIInterfaceOrientationPortrait UIInterfaceOrientationLandscapeLeft UIInterfaceOrientationLandscapeRight";
				LD_RUNPATH_SEARCH_PATHS = (
					"$(inherited)",
					"@executable_path/Frameworks",
				);
				MARKETING_VERSION = 1.0;
				PRODUCT_BUNDLE_IDENTIFIER = com.gmail.Hi.Hi;
				PRODUCT_NAME = "$(TARGET_NAME)";
				SWIFT_EMIT_LOC_STRINGS = YES;
				SWIFT_VERSION = 5.0;
				TARGETED_DEVICE_FAMILY = "1,2";
			};
			name = Release;
		};
		5C1C7BFD2BC41B79003049A1 /* Debug */ = {
			isa = XCBuildConfiguration;
			buildSettings = {
				ALWAYS_EMBED_SWIFT_STANDARD_LIBRARIES = YES;
				BUNDLE_LOADER = "$(TEST_HOST)";
				CODE_SIGN_STYLE = Automatic;
				CURRENT_PROJECT_VERSION = 1;
				GENERATE_INFOPLIST_FILE = YES;
				IPHONEOS_DEPLOYMENT_TARGET = 17.4;
				MARKETING_VERSION = 1.0;
				PRODUCT_BUNDLE_IDENTIFIER = com.gmail.Hi.HiTests;
				PRODUCT_NAME = "$(TARGET_NAME)";
				SWIFT_EMIT_LOC_STRINGS = NO;
				SWIFT_VERSION = 5.0;
				TARGETED_DEVICE_FAMILY = "1,2";
				TEST_HOST = "$(BUILT_PRODUCTS_DIR)/Hi.app/$(BUNDLE_EXECUTABLE_FOLDER_PATH)/Hi";
			};
			name = Debug;
		};
		5C1C7BFE2BC41B79003049A1 /* Release */ = {
			isa = XCBuildConfiguration;
			buildSettings = {
				ALWAYS_EMBED_SWIFT_STANDARD_LIBRARIES = YES;
				BUNDLE_LOADER = "$(TEST_HOST)";
				CODE_SIGN_STYLE = Automatic;
				CURRENT_PROJECT_VERSION = 1;
				GENERATE_INFOPLIST_FILE = YES;
				IPHONEOS_DEPLOYMENT_TARGET = 17.4;
				MARKETING_VERSION = 1.0;
				PRODUCT_BUNDLE_IDENTIFIER = com.gmail.Hi.HiTests;
				PRODUCT_NAME = "$(TARGET_NAME)";
				SWIFT_EMIT_LOC_STRINGS = NO;
				SWIFT_VERSION = 5.0;
				TARGETED_DEVICE_FAMILY = "1,2";
				TEST_HOST = "$(BUILT_PRODUCTS_DIR)/Hi.app/$(BUNDLE_EXECUTABLE_FOLDER_PATH)/Hi";
			};
			name = Release;
		};
		5C1C7C002BC41B79003049A1 /* Debug */ = {
			isa = XCBuildConfiguration;
			buildSettings = {
				ALWAYS_EMBED_SWIFT_STANDARD_LIBRARIES = YES;
				CODE_SIGN_STYLE = Automatic;
				CURRENT_PROJECT_VERSION = 1;
				GENERATE_INFOPLIST_FILE = YES;
				MARKETING_VERSION = 1.0;
				PRODUCT_BUNDLE_IDENTIFIER = com.gmail.Hi.HiUITests;
				PRODUCT_NAME = "$(TARGET_NAME)";
				SWIFT_EMIT_LOC_STRINGS = NO;
				SWIFT_VERSION = 5.0;
				TARGETED_DEVICE_FAMILY = "1,2";
				TEST_TARGET_NAME = Hi;
			};
			name = Debug;
		};
		5C1C7C012BC41B79003049A1 /* Release */ = {
			isa = XCBuildConfiguration;
			buildSettings = {
				ALWAYS_EMBED_SWIFT_STANDARD_LIBRARIES = YES;
				CODE_SIGN_STYLE = Automatic;
				CURRENT_PROJECT_VERSION = 1;
				GENERATE_INFOPLIST_FILE = YES;
				MARKETING_VERSION = 1.0;
				PRODUCT_BUNDLE_IDENTIFIER = com.gmail.Hi.HiUITests;
				PRODUCT_NAME = "$(TARGET_NAME)";
				SWIFT_EMIT_LOC_STRINGS = NO;
				SWIFT_VERSION = 5.0;
				TARGETED_DEVICE_FAMILY = "1,2";
				TEST_TARGET_NAME = Hi;
			};
			name = Release;
		};
/* End XCBuildConfiguration section */

/* Begin XCConfigurationList section */
		5C1C7BD02BC41B77003049A1 /* Build configuration list for PBXProject "Hi" */ = {
			isa = XCConfigurationList;
			buildConfigurations = (
				5C1C7BF72BC41B79003049A1 /* Debug */,
				5C1C7BF82BC41B79003049A1 /* Release */,
			);
			defaultConfigurationIsVisible = 0;
			defaultConfigurationName = Release;
		};
		5C1C7BF92BC41B79003049A1 /* Build configuration list for PBXNativeTarget "Hi" */ = {
			isa = XCConfigurationList;
			buildConfigurations = (
				5C1C7BFA2BC41B79003049A1 /* Debug */,
				5C1C7BFB2BC41B79003049A1 /* Release */,
			);
			defaultConfigurationIsVisible = 0;
			defaultConfigurationName = Release;
		};
		5C1C7BFC2BC41B79003049A1 /* Build configuration list for PBXNativeTarget "HiTests" */ = {
			isa = XCConfigurationList;
			buildConfigurations = (
				5C1C7BFD2BC41B79003049A1 /* Debug */,
				5C1C7BFE2BC41B79003049A1 /* Release */,
			);
			defaultConfigurationIsVisible = 0;
			defaultConfigurationName = Release;
		};
		5C1C7BFF2BC41B79003049A1 /* Build configuration list for PBXNativeTarget "HiUITests" */ = {
			isa = XCConfigurationList;
			buildConfigurations = (
				5C1C7C002BC41B79003049A1 /* Debug */,
				5C1C7C012BC41B79003049A1 /* Release */,
			);
			defaultConfigurationIsVisible = 0;
			defaultConfigurationName = Release;
		};
/* End XCConfigurationList section */

/* Begin XCRemoteSwiftPackageReference section */
		5C93BEA62BC6253F00C715DF /* XCRemoteSwiftPackageReference "Auth0.swift" */ = {
			isa = XCRemoteSwiftPackageReference;
			repositoryURL = "https://github.com/auth0/Auth0.swift.git";
			requirement = {
				kind = upToNextMajorVersion;
				minimumVersion = 2.6.0;
			};
		};
/* End XCRemoteSwiftPackageReference section */

/* Begin XCSwiftPackageProductDependency section */
		5C93BEA72BC6253F00C715DF /* Auth0 */ = {
			isa = XCSwiftPackageProductDependency;
			package = 5C93BEA62BC6253F00C715DF /* XCRemoteSwiftPackageReference "Auth0.swift" */;
			productName = Auth0;
		};
/* End XCSwiftPackageProductDependency section */
	};
	rootObject = 5C1C7BCD2BC41B77003049A1 /* Project object */;
}
