// !$*UTF8*$!
{
	archiveVersion = 1;
	classes = {
	};
	objectVersion = 56;
	objects = {

/* Begin PBXBuildFile section */
		5C1C7BA32BC41256003049A1 /* HiApp.swift in Sources */ = {isa = PBXBuildFile; fileRef = 5C1C7BA22BC41256003049A1 /* HiApp.swift */; };
		5C1C7BA52BC41256003049A1 /* ContentView.swift in Sources */ = {isa = PBXBuildFile; fileRef = 5C1C7BA42BC41256003049A1 /* ContentView.swift */; };
		5C1C7BA72BC41258003049A1 /* Assets.xcassets in Resources */ = {isa = PBXBuildFile; fileRef = 5C1C7BA62BC41258003049A1 /* Assets.xcassets */; };
		5C1C7BAA2BC41258003049A1 /* Preview Assets.xcassets in Resources */ = {isa = PBXBuildFile; fileRef = 5C1C7BA92BC41258003049A1 /* Preview Assets.xcassets */; };
		5C1C7BB42BC41258003049A1 /* HiTests.swift in Sources */ = {isa = PBXBuildFile; fileRef = 5C1C7BB32BC41258003049A1 /* HiTests.swift */; };
		5C1C7BBE2BC41258003049A1 /* HiUITests.swift in Sources */ = {isa = PBXBuildFile; fileRef = 5C1C7BBD2BC41258003049A1 /* HiUITests.swift */; };
		5C1C7BC02BC41258003049A1 /* HiUITestsLaunchTests.swift in Sources */ = {isa = PBXBuildFile; fileRef = 5C1C7BBF2BC41258003049A1 /* HiUITestsLaunchTests.swift */; };
/* End PBXBuildFile section */

/* Begin PBXContainerItemProxy section */
		5C1C7BB02BC41258003049A1 /* PBXContainerItemProxy */ = {
			isa = PBXContainerItemProxy;
			containerPortal = 5C1C7B972BC41256003049A1 /* Project object */;
			proxyType = 1;
			remoteGlobalIDString = 5C1C7B9E2BC41256003049A1;
			remoteInfo = Hi;
		};
		5C1C7BBA2BC41258003049A1 /* PBXContainerItemProxy */ = {
			isa = PBXContainerItemProxy;
			containerPortal = 5C1C7B972BC41256003049A1 /* Project object */;
			proxyType = 1;
			remoteGlobalIDString = 5C1C7B9E2BC41256003049A1;
			remoteInfo = Hi;
		};
/* End PBXContainerItemProxy section */

/* Begin PBXFileReference section */
		5C1C7B9F2BC41256003049A1 /* Hi.app */ = {isa = PBXFileReference; explicitFileType = wrapper.application; includeInIndex = 0; path = Hi.app; sourceTree = BUILT_PRODUCTS_DIR; };
		5C1C7BA22BC41256003049A1 /* HiApp.swift */ = {isa = PBXFileReference; lastKnownFileType = sourcecode.swift; path = HiApp.swift; sourceTree = "<group>"; };
		5C1C7BA42BC41256003049A1 /* ContentView.swift */ = {isa = PBXFileReference; lastKnownFileType = sourcecode.swift; path = ContentView.swift; sourceTree = "<group>"; };
		5C1C7BA62BC41258003049A1 /* Assets.xcassets */ = {isa = PBXFileReference; lastKnownFileType = folder.assetcatalog; path = Assets.xcassets; sourceTree = "<group>"; };
		5C1C7BA92BC41258003049A1 /* Preview Assets.xcassets */ = {isa = PBXFileReference; lastKnownFileType = folder.assetcatalog; path = "Preview Assets.xcassets"; sourceTree = "<group>"; };
		5C1C7BAF2BC41258003049A1 /* HiTests.xctest */ = {isa = PBXFileReference; explicitFileType = wrapper.cfbundle; includeInIndex = 0; path = HiTests.xctest; sourceTree = BUILT_PRODUCTS_DIR; };
		5C1C7BB32BC41258003049A1 /* HiTests.swift */ = {isa = PBXFileReference; lastKnownFileType = sourcecode.swift; path = HiTests.swift; sourceTree = "<group>"; };
		5C1C7BB92BC41258003049A1 /* HiUITests.xctest */ = {isa = PBXFileReference; explicitFileType = wrapper.cfbundle; includeInIndex = 0; path = HiUITests.xctest; sourceTree = BUILT_PRODUCTS_DIR; };
		5C1C7BBD2BC41258003049A1 /* HiUITests.swift */ = {isa = PBXFileReference; lastKnownFileType = sourcecode.swift; path = HiUITests.swift; sourceTree = "<group>"; };
		5C1C7BBF2BC41258003049A1 /* HiUITestsLaunchTests.swift */ = {isa = PBXFileReference; lastKnownFileType = sourcecode.swift; path = HiUITestsLaunchTests.swift; sourceTree = "<group>"; };
/* End PBXFileReference section */

/* Begin PBXFrameworksBuildPhase section */
		5C1C7B9C2BC41256003049A1 /* Frameworks */ = {
			isa = PBXFrameworksBuildPhase;
			buildActionMask = 2147483647;
			files = (
			);
			runOnlyForDeploymentPostprocessing = 0;
		};
		5C1C7BAC2BC41258003049A1 /* Frameworks */ = {
			isa = PBXFrameworksBuildPhase;
			buildActionMask = 2147483647;
			files = (
			);
			runOnlyForDeploymentPostprocessing = 0;
		};
		5C1C7BB62BC41258003049A1 /* Frameworks */ = {
			isa = PBXFrameworksBuildPhase;
			buildActionMask = 2147483647;
			files = (
			);
			runOnlyForDeploymentPostprocessing = 0;
		};
/* End PBXFrameworksBuildPhase section */

/* Begin PBXGroup section */
		5C1C7B962BC41256003049A1 = {
			isa = PBXGroup;
			children = (
				5C1C7BA12BC41256003049A1 /* Hi */,
				5C1C7BB22BC41258003049A1 /* HiTests */,
				5C1C7BBC2BC41258003049A1 /* HiUITests */,
				5C1C7BA02BC41256003049A1 /* Products */,
			);
			sourceTree = "<group>";
		};
		5C1C7BA02BC41256003049A1 /* Products */ = {
			isa = PBXGroup;
			children = (
				5C1C7B9F2BC41256003049A1 /* Hi.app */,
				5C1C7BAF2BC41258003049A1 /* HiTests.xctest */,
				5C1C7BB92BC41258003049A1 /* HiUITests.xctest */,
			);
			name = Products;
			sourceTree = "<group>";
		};
		5C1C7BA12BC41256003049A1 /* Hi */ = {
			isa = PBXGroup;
			children = (
				5C1C7BA22BC41256003049A1 /* HiApp.swift */,
				5C1C7BA42BC41256003049A1 /* ContentView.swift */,
				5C1C7BA62BC41258003049A1 /* Assets.xcassets */,
				5C1C7BA82BC41258003049A1 /* Preview Content */,
			);
			path = Hi;
			sourceTree = "<group>";
		};
		5C1C7BA82BC41258003049A1 /* Preview Content */ = {
			isa = PBXGroup;
			children = (
				5C1C7BA92BC41258003049A1 /* Preview Assets.xcassets */,
			);
			path = "Preview Content";
			sourceTree = "<group>";
		};
		5C1C7BB22BC41258003049A1 /* HiTests */ = {
			isa = PBXGroup;
			children = (
				5C1C7BB32BC41258003049A1 /* HiTests.swift */,
			);
			path = HiTests;
			sourceTree = "<group>";
		};
		5C1C7BBC2BC41258003049A1 /* HiUITests */ = {
			isa = PBXGroup;
			children = (
				5C1C7BBD2BC41258003049A1 /* HiUITests.swift */,
				5C1C7BBF2BC41258003049A1 /* HiUITestsLaunchTests.swift */,
			);
			path = HiUITests;
			sourceTree = "<group>";
		};
/* End PBXGroup section */

/* Begin PBXNativeTarget section */
		5C1C7B9E2BC41256003049A1 /* Hi */ = {
			isa = PBXNativeTarget;
			buildConfigurationList = 5C1C7BC32BC41258003049A1 /* Build configuration list for PBXNativeTarget "Hi" */;
			buildPhases = (
				5C1C7B9B2BC41256003049A1 /* Sources */,
				5C1C7B9C2BC41256003049A1 /* Frameworks */,
				5C1C7B9D2BC41256003049A1 /* Resources */,
			);
			buildRules = (
			);
			dependencies = (
			);
			name = Hi;
			productName = Hi;
			productReference = 5C1C7B9F2BC41256003049A1 /* Hi.app */;
			productType = "com.apple.product-type.application";
		};
		5C1C7BAE2BC41258003049A1 /* HiTests */ = {
			isa = PBXNativeTarget;
			buildConfigurationList = 5C1C7BC62BC41258003049A1 /* Build configuration list for PBXNativeTarget "HiTests" */;
			buildPhases = (
				5C1C7BAB2BC41258003049A1 /* Sources */,
				5C1C7BAC2BC41258003049A1 /* Frameworks */,
				5C1C7BAD2BC41258003049A1 /* Resources */,
			);
			buildRules = (
			);
			dependencies = (
				5C1C7BB12BC41258003049A1 /* PBXTargetDependency */,
			);
			name = HiTests;
			productName = HiTests;
			productReference = 5C1C7BAF2BC41258003049A1 /* HiTests.xctest */;
			productType = "com.apple.product-type.bundle.unit-test";
		};
		5C1C7BB82BC41258003049A1 /* HiUITests */ = {
			isa = PBXNativeTarget;
			buildConfigurationList = 5C1C7BC92BC41258003049A1 /* Build configuration list for PBXNativeTarget "HiUITests" */;
			buildPhases = (
				5C1C7BB52BC41258003049A1 /* Sources */,
				5C1C7BB62BC41258003049A1 /* Frameworks */,
				5C1C7BB72BC41258003049A1 /* Resources */,
			);
			buildRules = (
			);
			dependencies = (
				5C1C7BBB2BC41258003049A1 /* PBXTargetDependency */,
			);
			name = HiUITests;
			productName = HiUITests;
			productReference = 5C1C7BB92BC41258003049A1 /* HiUITests.xctest */;
			productType = "com.apple.product-type.bundle.ui-testing";
		};
/* End PBXNativeTarget section */

/* Begin PBXProject section */
		5C1C7B972BC41256003049A1 /* Project object */ = {
			isa = PBXProject;
			attributes = {
				BuildIndependentTargetsInParallel = 1;
				LastSwiftUpdateCheck = 1530;
				LastUpgradeCheck = 1530;
				TargetAttributes = {
					5C1C7B9E2BC41256003049A1 = {
						CreatedOnToolsVersion = 15.3;
					};
					5C1C7BAE2BC41258003049A1 = {
						CreatedOnToolsVersion = 15.3;
						TestTargetID = 5C1C7B9E2BC41256003049A1;
					};
					5C1C7BB82BC41258003049A1 = {
						CreatedOnToolsVersion = 15.3;
						TestTargetID = 5C1C7B9E2BC41256003049A1;
					};
				};
			};
			buildConfigurationList = 5C1C7B9A2BC41256003049A1 /* Build configuration list for PBXProject "Hi" */;
			compatibilityVersion = "Xcode 14.0";
			developmentRegion = en;
			hasScannedForEncodings = 0;
			knownRegions = (
				en,
				Base,
			);
			mainGroup = 5C1C7B962BC41256003049A1;
			productRefGroup = 5C1C7BA02BC41256003049A1 /* Products */;
			projectDirPath = "";
			projectRoot = "";
			targets = (
				5C1C7B9E2BC41256003049A1 /* Hi */,
				5C1C7BAE2BC41258003049A1 /* HiTests */,
				5C1C7BB82BC41258003049A1 /* HiUITests */,
			);
		};
/* End PBXProject section */

/* Begin PBXResourcesBuildPhase section */
		5C1C7B9D2BC41256003049A1 /* Resources */ = {
			isa = PBXResourcesBuildPhase;
			buildActionMask = 2147483647;
			files = (
				5C1C7BAA2BC41258003049A1 /* Preview Assets.xcassets in Resources */,
				5C1C7BA72BC41258003049A1 /* Assets.xcassets in Resources */,
			);
			runOnlyForDeploymentPostprocessing = 0;
		};
		5C1C7BAD2BC41258003049A1 /* Resources */ = {
			isa = PBXResourcesBuildPhase;
			buildActionMask = 2147483647;
			files = (
			);
			runOnlyForDeploymentPostprocessing = 0;
		};
		5C1C7BB72BC41258003049A1 /* Resources */ = {
			isa = PBXResourcesBuildPhase;
			buildActionMask = 2147483647;
			files = (
			);
			runOnlyForDeploymentPostprocessing = 0;
		};
/* End PBXResourcesBuildPhase section */

/* Begin PBXSourcesBuildPhase section */
		5C1C7B9B2BC41256003049A1 /* Sources */ = {
			isa = PBXSourcesBuildPhase;
			buildActionMask = 2147483647;
			files = (
				5C1C7BA52BC41256003049A1 /* ContentView.swift in Sources */,
				5C1C7BA32BC41256003049A1 /* HiApp.swift in Sources */,
			);
			runOnlyForDeploymentPostprocessing = 0;
		};
		5C1C7BAB2BC41258003049A1 /* Sources */ = {
			isa = PBXSourcesBuildPhase;
			buildActionMask = 2147483647;
			files = (
				5C1C7BB42BC41258003049A1 /* HiTests.swift in Sources */,
			);
			runOnlyForDeploymentPostprocessing = 0;
		};
		5C1C7BB52BC41258003049A1 /* Sources */ = {
			isa = PBXSourcesBuildPhase;
			buildActionMask = 2147483647;
			files = (
				5C1C7BBE2BC41258003049A1 /* HiUITests.swift in Sources */,
				5C1C7BC02BC41258003049A1 /* HiUITestsLaunchTests.swift in Sources */,
			);
			runOnlyForDeploymentPostprocessing = 0;
		};
/* End PBXSourcesBuildPhase section */

/* Begin PBXTargetDependency section */
		5C1C7BB12BC41258003049A1 /* PBXTargetDependency */ = {
			isa = PBXTargetDependency;
			target = 5C1C7B9E2BC41256003049A1 /* Hi */;
			targetProxy = 5C1C7BB02BC41258003049A1 /* PBXContainerItemProxy */;
		};
		5C1C7BBB2BC41258003049A1 /* PBXTargetDependency */ = {
			isa = PBXTargetDependency;
			target = 5C1C7B9E2BC41256003049A1 /* Hi */;
			targetProxy = 5C1C7BBA2BC41258003049A1 /* PBXContainerItemProxy */;
		};
/* End PBXTargetDependency section */

/* Begin XCBuildConfiguration section */
		5C1C7BC12BC41258003049A1 /* Debug */ = {
			isa = XCBuildConfiguration;
			buildSettings = {
				ALWAYS_SEARCH_USER_PATHS = NO;
				ASSETCATALOG_COMPILER_GENERATE_SWIFT_ASSET_SYMBOL_EXTENSIONS = YES;
				CLANG_ANALYZER_NONNULL = YES;
				CLANG_ANALYZER_NUMBER_OBJECT_CONVERSION = YES_AGGRESSIVE;
				CLANG_CXX_LANGUAGE_STANDARD = "gnu++20";
				CLANG_ENABLE_MODULES = YES;
				CLANG_ENABLE_OBJC_ARC = YES;
				CLANG_ENABLE_OBJC_WEAK = YES;
				CLANG_WARN_BLOCK_CAPTURE_AUTORELEASING = YES;
				CLANG_WARN_BOOL_CONVERSION = YES;
				CLANG_WARN_COMMA = YES;
				CLANG_WARN_CONSTANT_CONVERSION = YES;
				CLANG_WARN_DEPRECATED_OBJC_IMPLEMENTATIONS = YES;
				CLANG_WARN_DIRECT_OBJC_ISA_USAGE = YES_ERROR;
				CLANG_WARN_DOCUMENTATION_COMMENTS = YES;
				CLANG_WARN_EMPTY_BODY = YES;
				CLANG_WARN_ENUM_CONVERSION = YES;
				CLANG_WARN_INFINITE_RECURSION = YES;
				CLANG_WARN_INT_CONVERSION = YES;
				CLANG_WARN_NON_LITERAL_NULL_CONVERSION = YES;
				CLANG_WARN_OBJC_IMPLICIT_RETAIN_SELF = YES;
				CLANG_WARN_OBJC_LITERAL_CONVERSION = YES;
				CLANG_WARN_OBJC_ROOT_CLASS = YES_ERROR;
				CLANG_WARN_QUOTED_INCLUDE_IN_FRAMEWORK_HEADER = YES;
				CLANG_WARN_RANGE_LOOP_ANALYSIS = YES;
				CLANG_WARN_STRICT_PROTOTYPES = YES;
				CLANG_WARN_SUSPICIOUS_MOVE = YES;
				CLANG_WARN_UNGUARDED_AVAILABILITY = YES_AGGRESSIVE;
				CLANG_WARN_UNREACHABLE_CODE = YES;
				CLANG_WARN__DUPLICATE_METHOD_MATCH = YES;
				COPY_PHASE_STRIP = NO;
				DEBUG_INFORMATION_FORMAT = dwarf;
				ENABLE_STRICT_OBJC_MSGSEND = YES;
				ENABLE_TESTABILITY = YES;
				ENABLE_USER_SCRIPT_SANDBOXING = YES;
				GCC_C_LANGUAGE_STANDARD = gnu17;
				GCC_DYNAMIC_NO_PIC = NO;
				GCC_NO_COMMON_BLOCKS = YES;
				GCC_OPTIMIZATION_LEVEL = 0;
				GCC_PREPROCESSOR_DEFINITIONS = (
					"DEBUG=1",
					"$(inherited)",
				);
				GCC_WARN_64_TO_32_BIT_CONVERSION = YES;
				GCC_WARN_ABOUT_RETURN_TYPE = YES_ERROR;
				GCC_WARN_UNDECLARED_SELECTOR = YES;
				GCC_WARN_UNINITIALIZED_AUTOS = YES_AGGRESSIVE;
				GCC_WARN_UNUSED_FUNCTION = YES;
				GCC_WARN_UNUSED_VARIABLE = YES;
				IPHONEOS_DEPLOYMENT_TARGET = 17.4;
				LOCALIZATION_PREFERS_STRING_CATALOGS = YES;
				MTL_ENABLE_DEBUG_INFO = INCLUDE_SOURCE;
				MTL_FAST_MATH = YES;
				ONLY_ACTIVE_ARCH = YES;
				SDKROOT = iphoneos;
				SWIFT_ACTIVE_COMPILATION_CONDITIONS = "DEBUG $(inherited)";
				SWIFT_OPTIMIZATION_LEVEL = "-Onone";
			};
			name = Debug;
		};
		5C1C7BC22BC41258003049A1 /* Release */ = {
			isa = XCBuildConfiguration;
			buildSettings = {
				ALWAYS_SEARCH_USER_PATHS = NO;
				ASSETCATALOG_COMPILER_GENERATE_SWIFT_ASSET_SYMBOL_EXTENSIONS = YES;
				CLANG_ANALYZER_NONNULL = YES;
				CLANG_ANALYZER_NUMBER_OBJECT_CONVERSION = YES_AGGRESSIVE;
				CLANG_CXX_LANGUAGE_STANDARD = "gnu++20";
				CLANG_ENABLE_MODULES = YES;
				CLANG_ENABLE_OBJC_ARC = YES;
				CLANG_ENABLE_OBJC_WEAK = YES;
				CLANG_WARN_BLOCK_CAPTURE_AUTORELEASING = YES;
				CLANG_WARN_BOOL_CONVERSION = YES;
				CLANG_WARN_COMMA = YES;
				CLANG_WARN_CONSTANT_CONVERSION = YES;
				CLANG_WARN_DEPRECATED_OBJC_IMPLEMENTATIONS = YES;
				CLANG_WARN_DIRECT_OBJC_ISA_USAGE = YES_ERROR;
				CLANG_WARN_DOCUMENTATION_COMMENTS = YES;
				CLANG_WARN_EMPTY_BODY = YES;
				CLANG_WARN_ENUM_CONVERSION = YES;
				CLANG_WARN_INFINITE_RECURSION = YES;
				CLANG_WARN_INT_CONVERSION = YES;
				CLANG_WARN_NON_LITERAL_NULL_CONVERSION = YES;
				CLANG_WARN_OBJC_IMPLICIT_RETAIN_SELF = YES;
				CLANG_WARN_OBJC_LITERAL_CONVERSION = YES;
				CLANG_WARN_OBJC_ROOT_CLASS = YES_ERROR;
				CLANG_WARN_QUOTED_INCLUDE_IN_FRAMEWORK_HEADER = YES;
				CLANG_WARN_RANGE_LOOP_ANALYSIS = YES;
				CLANG_WARN_STRICT_PROTOTYPES = YES;
				CLANG_WARN_SUSPICIOUS_MOVE = YES;
				CLANG_WARN_UNGUARDED_AVAILABILITY = YES_AGGRESSIVE;
				CLANG_WARN_UNREACHABLE_CODE = YES;
				CLANG_WARN__DUPLICATE_METHOD_MATCH = YES;
				COPY_PHASE_STRIP = NO;
				DEBUG_INFORMATION_FORMAT = "dwarf-with-dsym";
				ENABLE_NS_ASSERTIONS = NO;
				ENABLE_STRICT_OBJC_MSGSEND = YES;
				ENABLE_USER_SCRIPT_SANDBOXING = YES;
				GCC_C_LANGUAGE_STANDARD = gnu17;
				GCC_NO_COMMON_BLOCKS = YES;
				GCC_WARN_64_TO_32_BIT_CONVERSION = YES;
				GCC_WARN_ABOUT_RETURN_TYPE = YES_ERROR;
				GCC_WARN_UNDECLARED_SELECTOR = YES;
				GCC_WARN_UNINITIALIZED_AUTOS = YES_AGGRESSIVE;
				GCC_WARN_UNUSED_FUNCTION = YES;
				GCC_WARN_UNUSED_VARIABLE = YES;
				IPHONEOS_DEPLOYMENT_TARGET = 17.4;
				LOCALIZATION_PREFERS_STRING_CATALOGS = YES;
				MTL_ENABLE_DEBUG_INFO = NO;
				MTL_FAST_MATH = YES;
				SDKROOT = iphoneos;
				SWIFT_COMPILATION_MODE = wholemodule;
				VALIDATE_PRODUCT = YES;
			};
			name = Release;
		};
		5C1C7BC42BC41258003049A1 /* Debug */ = {
			isa = XCBuildConfiguration;
			buildSettings = {
				ASSETCATALOG_COMPILER_APPICON_NAME = AppIcon;
				ASSETCATALOG_COMPILER_GLOBAL_ACCENT_COLOR_NAME = AccentColor;
				CODE_SIGN_STYLE = Automatic;
				CURRENT_PROJECT_VERSION = 1;
				DEVELOPMENT_ASSET_PATHS = "\"Hi/Preview Content\"";
				ENABLE_PREVIEWS = YES;
				GENERATE_INFOPLIST_FILE = YES;
				INFOPLIST_KEY_UIApplicationSceneManifest_Generation = YES;
				INFOPLIST_KEY_UIApplicationSupportsIndirectInputEvents = YES;
				INFOPLIST_KEY_UILaunchScreen_Generation = YES;
				INFOPLIST_KEY_UISupportedInterfaceOrientations_iPad = "UIInterfaceOrientationPortrait UIInterfaceOrientationPortraitUpsideDown UIInterfaceOrientationLandscapeLeft UIInterfaceOrientationLandscapeRight";
				INFOPLIST_KEY_UISupportedInterfaceOrientations_iPhone = "UIInterfaceOrientationPortrait UIInterfaceOrientationLandscapeLeft UIInterfaceOrientationLandscapeRight";
				LD_RUNPATH_SEARCH_PATHS = (
					"$(inherited)",
					"@executable_path/Frameworks",
				);
				MARKETING_VERSION = 1.0;
				PRODUCT_BUNDLE_IDENTIFIER = com.gmail.Hi.Hi;
				PRODUCT_NAME = "$(TARGET_NAME)";
				SWIFT_EMIT_LOC_STRINGS = YES;
				SWIFT_VERSION = 5.0;
				TARGETED_DEVICE_FAMILY = "1,2";
			};
			name = Debug;
		};
		5C1C7BC52BC41258003049A1 /* Release */ = {
			isa = XCBuildConfiguration;
			buildSettings = {
				ASSETCATALOG_COMPILER_APPICON_NAME = AppIcon;
				ASSETCATALOG_COMPILER_GLOBAL_ACCENT_COLOR_NAME = AccentColor;
				CODE_SIGN_STYLE = Automatic;
				CURRENT_PROJECT_VERSION = 1;
				DEVELOPMENT_ASSET_PATHS = "\"Hi/Preview Content\"";
				ENABLE_PREVIEWS = YES;
				GENERATE_INFOPLIST_FILE = YES;
				INFOPLIST_KEY_UIApplicationSceneManifest_Generation = YES;
				INFOPLIST_KEY_UIApplicationSupportsIndirectInputEvents = YES;
				INFOPLIST_KEY_UILaunchScreen_Generation = YES;
				INFOPLIST_KEY_UISupportedInterfaceOrientations_iPad = "UIInterfaceOrientationPortrait UIInterfaceOrientationPortraitUpsideDown UIInterfaceOrientationLandscapeLeft UIInterfaceOrientationLandscapeRight";
				INFOPLIST_KEY_UISupportedInterfaceOrientations_iPhone = "UIInterfaceOrientationPortrait UIInterfaceOrientationLandscapeLeft UIInterfaceOrientationLandscapeRight";
				LD_RUNPATH_SEARCH_PATHS = (
					"$(inherited)",
					"@executable_path/Frameworks",
				);
				MARKETING_VERSION = 1.0;
				PRODUCT_BUNDLE_IDENTIFIER = com.gmail.Hi.Hi;
				PRODUCT_NAME = "$(TARGET_NAME)";
				SWIFT_EMIT_LOC_STRINGS = YES;
				SWIFT_VERSION = 5.0;
				TARGETED_DEVICE_FAMILY = "1,2";
			};
			name = Release;
		};
		5C1C7BC72BC41258003049A1 /* Debug */ = {
			isa = XCBuildConfiguration;
			buildSettings = {
				ALWAYS_EMBED_SWIFT_STANDARD_LIBRARIES = YES;
				BUNDLE_LOADER = "$(TEST_HOST)";
				CODE_SIGN_STYLE = Automatic;
				CURRENT_PROJECT_VERSION = 1;
				GENERATE_INFOPLIST_FILE = YES;
				IPHONEOS_DEPLOYMENT_TARGET = 17.4;
				MARKETING_VERSION = 1.0;
				PRODUCT_BUNDLE_IDENTIFIER = com.gmail.Hi.HiTests;
				PRODUCT_NAME = "$(TARGET_NAME)";
				SWIFT_EMIT_LOC_STRINGS = NO;
				SWIFT_VERSION = 5.0;
				TARGETED_DEVICE_FAMILY = "1,2";
				TEST_HOST = "$(BUILT_PRODUCTS_DIR)/Hi.app/$(BUNDLE_EXECUTABLE_FOLDER_PATH)/Hi";
			};
			name = Debug;
		};
		5C1C7BC82BC41258003049A1 /* Release */ = {
			isa = XCBuildConfiguration;
			buildSettings = {
				ALWAYS_EMBED_SWIFT_STANDARD_LIBRARIES = YES;
				BUNDLE_LOADER = "$(TEST_HOST)";
				CODE_SIGN_STYLE = Automatic;
				CURRENT_PROJECT_VERSION = 1;
				GENERATE_INFOPLIST_FILE = YES;
				IPHONEOS_DEPLOYMENT_TARGET = 17.4;
				MARKETING_VERSION = 1.0;
				PRODUCT_BUNDLE_IDENTIFIER = com.gmail.Hi.HiTests;
				PRODUCT_NAME = "$(TARGET_NAME)";
				SWIFT_EMIT_LOC_STRINGS = NO;
				SWIFT_VERSION = 5.0;
				TARGETED_DEVICE_FAMILY = "1,2";
				TEST_HOST = "$(BUILT_PRODUCTS_DIR)/Hi.app/$(BUNDLE_EXECUTABLE_FOLDER_PATH)/Hi";
			};
			name = Release;
		};
		5C1C7BCA2BC41258003049A1 /* Debug */ = {
			isa = XCBuildConfiguration;
			buildSettings = {
				ALWAYS_EMBED_SWIFT_STANDARD_LIBRARIES = YES;
				CODE_SIGN_STYLE = Automatic;
				CURRENT_PROJECT_VERSION = 1;
				GENERATE_INFOPLIST_FILE = YES;
				MARKETING_VERSION = 1.0;
				PRODUCT_BUNDLE_IDENTIFIER = com.gmail.Hi.HiUITests;
				PRODUCT_NAME = "$(TARGET_NAME)";
				SWIFT_EMIT_LOC_STRINGS = NO;
				SWIFT_VERSION = 5.0;
				TARGETED_DEVICE_FAMILY = "1,2";
				TEST_TARGET_NAME = Hi;
			};
			name = Debug;
		};
		5C1C7BCB2BC41258003049A1 /* Release */ = {
			isa = XCBuildConfiguration;
			buildSettings = {
				ALWAYS_EMBED_SWIFT_STANDARD_LIBRARIES = YES;
				CODE_SIGN_STYLE = Automatic;
				CURRENT_PROJECT_VERSION = 1;
				GENERATE_INFOPLIST_FILE = YES;
				MARKETING_VERSION = 1.0;
				PRODUCT_BUNDLE_IDENTIFIER = com.gmail.Hi.HiUITests;
				PRODUCT_NAME = "$(TARGET_NAME)";
				SWIFT_EMIT_LOC_STRINGS = NO;
				SWIFT_VERSION = 5.0;
				TARGETED_DEVICE_FAMILY = "1,2";
				TEST_TARGET_NAME = Hi;
			};
			name = Release;
		};
/* End XCBuildConfiguration section */

/* Begin XCConfigurationList section */
		5C1C7B9A2BC41256003049A1 /* Build configuration list for PBXProject "Hi" */ = {
			isa = XCConfigurationList;
			buildConfigurations = (
				5C1C7BC12BC41258003049A1 /* Debug */,
				5C1C7BC22BC41258003049A1 /* Release */,
			);
			defaultConfigurationIsVisible = 0;
			defaultConfigurationName = Release;
		};
		5C1C7BC32BC41258003049A1 /* Build configuration list for PBXNativeTarget "Hi" */ = {
			isa = XCConfigurationList;
			buildConfigurations = (
				5C1C7BC42BC41258003049A1 /* Debug */,
				5C1C7BC52BC41258003049A1 /* Release */,
			);
			defaultConfigurationIsVisible = 0;
			defaultConfigurationName = Release;
		};
		5C1C7BC62BC41258003049A1 /* Build configuration list for PBXNativeTarget "HiTests" */ = {
			isa = XCConfigurationList;
			buildConfigurations = (
				5C1C7BC72BC41258003049A1 /* Debug */,
				5C1C7BC82BC41258003049A1 /* Release */,
			);
			defaultConfigurationIsVisible = 0;
			defaultConfigurationName = Release;
		};
		5C1C7BC92BC41258003049A1 /* Build configuration list for PBXNativeTarget "HiUITests" */ = {
			isa = XCConfigurationList;
			buildConfigurations = (
				5C1C7BCA2BC41258003049A1 /* Debug */,
				5C1C7BCB2BC41258003049A1 /* Release */,
			);
			defaultConfigurationIsVisible = 0;
			defaultConfigurationName = Release;
		};
/* End XCConfigurationList section */
	};
	rootObject = 5C1C7B972BC41256003049A1 /* Project object */;
}
